// !$*UTF8*$!
{
	archiveVersion = 1;
	classes = {
	};
	objectVersion = 77;
	objects = {

/* Begin PBXBuildFile section */
		4F0604DC2E519A28000D7C01 /* ReadMe.md in Resources */ = {isa = PBXBuildFile; fileRef = 4F0604DB2E519A28000D7C01 /* ReadMe.md */; };
/* End PBXBuildFile section */

/* Begin PBXContainerItemProxy section */
		4F83C03D2E4FBF63007D66A6 /* PBXContainerItemProxy */ = {
			isa = PBXContainerItemProxy;
			containerPortal = 4F83C0272E4FBF62007D66A6 /* Project object */;
			proxyType = 1;
			remoteGlobalIDString = 4F83C02E2E4FBF62007D66A6;
			remoteInfo = "JWTClient-iOS";
		};
		4F83C0472E4FBF63007D66A6 /* PBXContainerItemProxy */ = {
			isa = PBXContainerItemProxy;
			containerPortal = 4F83C0272E4FBF62007D66A6 /* Project object */;
			proxyType = 1;
			remoteGlobalIDString = 4F83C02E2E4FBF62007D66A6;
			remoteInfo = "JWTClient-iOS";
		};
/* End PBXContainerItemProxy section */

/* Begin PBXFileReference section */
		4F0604DB2E519A28000D7C01 /* ReadMe.md */ = {isa = PBXFileReference; lastKnownFileType = net.daringfireball.markdown; path = ReadMe.md; sourceTree = "<group>"; };
		4F83C02F2E4FBF62007D66A6 /* JWTClient-iOS.app */ = {isa = PBXFileReference; explicitFileType = wrapper.application; includeInIndex = 0; path = "JWTClient-iOS.app"; sourceTree = BUILT_PRODUCTS_DIR; };
		4F83C03C2E4FBF63007D66A6 /* JWTClient-iOSTests.xctest */ = {isa = PBXFileReference; explicitFileType = wrapper.cfbundle; includeInIndex = 0; path = "JWTClient-iOSTests.xctest"; sourceTree = BUILT_PRODUCTS_DIR; };
		4F83C0462E4FBF63007D66A6 /* JWTClient-iOSUITests.xctest */ = {isa = PBXFileReference; explicitFileType = wrapper.cfbundle; includeInIndex = 0; path = "JWTClient-iOSUITests.xctest"; sourceTree = BUILT_PRODUCTS_DIR; };
		4F8913072E5047C7007FEF5B /* JWTClient-iOS.xctestplan */ = {isa = PBXFileReference; lastKnownFileType = text; path = "JWTClient-iOS.xctestplan"; sourceTree = "<group>"; };
/* End PBXFileReference section */

/* Begin PBXFileSystemSynchronizedBuildFileExceptionSet section */
		4F83C06B2E4FBFE8007D66A6 /* Exceptions for "JWTClient-iOS" folder in "JWTClient-iOS" target */ = {
			isa = PBXFileSystemSynchronizedBuildFileExceptionSet;
			membershipExceptions = (
				Info.plist,
			);
			target = 4F83C02E2E4FBF62007D66A6 /* JWTClient-iOS */;
		};
/* End PBXFileSystemSynchronizedBuildFileExceptionSet section */

/* Begin PBXFileSystemSynchronizedRootGroup section */
		4F83C0312E4FBF62007D66A6 /* JWTClient-iOS */ = {
			isa = PBXFileSystemSynchronizedRootGroup;
			exceptions = (
				4F83C06B2E4FBFE8007D66A6 /* Exceptions for "JWTClient-iOS" folder in "JWTClient-iOS" target */,
			);
			path = "JWTClient-iOS";
			sourceTree = "<group>";
		};
		4F83C03F2E4FBF63007D66A6 /* JWTClient-iOSTests */ = {
			isa = PBXFileSystemSynchronizedRootGroup;
			path = "JWTClient-iOSTests";
			sourceTree = "<group>";
		};
		4F83C0492E4FBF63007D66A6 /* JWTClient-iOSUITests */ = {
			isa = PBXFileSystemSynchronizedRootGroup;
			path = "JWTClient-iOSUITests";
			sourceTree = "<group>";
		};
/* End PBXFileSystemSynchronizedRootGroup section */

/* Begin PBXFrameworksBuildPhase section */
		4F83C02C2E4FBF62007D66A6 /* Frameworks */ = {
			isa = PBXFrameworksBuildPhase;
			buildActionMask = 2147483647;
			files = (
			);
			runOnlyForDeploymentPostprocessing = 0;
		};
		4F83C0392E4FBF63007D66A6 /* Frameworks */ = {
			isa = PBXFrameworksBuildPhase;
			buildActionMask = 2147483647;
			files = (
			);
			runOnlyForDeploymentPostprocessing = 0;
		};
		4F83C0432E4FBF63007D66A6 /* Frameworks */ = {
			isa = PBXFrameworksBuildPhase;
			buildActionMask = 2147483647;
			files = (
			);
			runOnlyForDeploymentPostprocessing = 0;
		};
/* End PBXFrameworksBuildPhase section */

/* Begin PBXGroup section */
		4F83C0262E4FBF62007D66A6 = {
			isa = PBXGroup;
			children = (
				4F8913072E5047C7007FEF5B /* JWTClient-iOS.xctestplan */,
				4F0604DB2E519A28000D7C01 /* ReadMe.md */,
				4F83C0312E4FBF62007D66A6 /* JWTClient-iOS */,
				4F83C03F2E4FBF63007D66A6 /* JWTClient-iOSTests */,
				4F83C0492E4FBF63007D66A6 /* JWTClient-iOSUITests */,
				4F83C0302E4FBF62007D66A6 /* Products */,
			);
			sourceTree = "<group>";
		};
		4F83C0302E4FBF62007D66A6 /* Products */ = {
			isa = PBXGroup;
			children = (
				4F83C02F2E4FBF62007D66A6 /* JWTClient-iOS.app */,
				4F83C03C2E4FBF63007D66A6 /* JWTClient-iOSTests.xctest */,
				4F83C0462E4FBF63007D66A6 /* JWTClient-iOSUITests.xctest */,
			);
			name = Products;
			sourceTree = "<group>";
		};
/* End PBXGroup section */

/* Begin PBXNativeTarget section */
		4F83C02E2E4FBF62007D66A6 /* JWTClient-iOS */ = {
			isa = PBXNativeTarget;
			buildConfigurationList = 4F83C0502E4FBF63007D66A6 /* Build configuration list for PBXNativeTarget "JWTClient-iOS" */;
			buildPhases = (
				4F83C02B2E4FBF62007D66A6 /* Sources */,
				4F83C02C2E4FBF62007D66A6 /* Frameworks */,
				4F83C02D2E4FBF62007D66A6 /* Resources */,
			);
			buildRules = (
			);
			dependencies = (
			);
			fileSystemSynchronizedGroups = (
				4F83C0312E4FBF62007D66A6 /* JWTClient-iOS */,
			);
			name = "JWTClient-iOS";
			packageProductDependencies = (
			);
			productName = "JWTClient-iOS";
			productReference = 4F83C02F2E4FBF62007D66A6 /* JWTClient-iOS.app */;
			productType = "com.apple.product-type.application";
		};
		4F83C03B2E4FBF63007D66A6 /* JWTClient-iOSTests */ = {
			isa = PBXNativeTarget;
			buildConfigurationList = 4F83C0532E4FBF63007D66A6 /* Build configuration list for PBXNativeTarget "JWTClient-iOSTests" */;
			buildPhases = (
				4F83C0382E4FBF63007D66A6 /* Sources */,
				4F83C0392E4FBF63007D66A6 /* Frameworks */,
				4F83C03A2E4FBF63007D66A6 /* Resources */,
			);
			buildRules = (
			);
			dependencies = (
				4F83C03E2E4FBF63007D66A6 /* PBXTargetDependency */,
			);
			fileSystemSynchronizedGroups = (
				4F83C03F2E4FBF63007D66A6 /* JWTClient-iOSTests */,
			);
			name = "JWTClient-iOSTests";
			packageProductDependencies = (
			);
			productName = "JWTClient-iOSTests";
			productReference = 4F83C03C2E4FBF63007D66A6 /* JWTClient-iOSTests.xctest */;
			productType = "com.apple.product-type.bundle.unit-test";
		};
		4F83C0452E4FBF63007D66A6 /* JWTClient-iOSUITests */ = {
			isa = PBXNativeTarget;
			buildConfigurationList = 4F83C0562E4FBF63007D66A6 /* Build configuration list for PBXNativeTarget "JWTClient-iOSUITests" */;
			buildPhases = (
				4F83C0422E4FBF63007D66A6 /* Sources */,
				4F83C0432E4FBF63007D66A6 /* Frameworks */,
				4F83C0442E4FBF63007D66A6 /* Resources */,
			);
			buildRules = (
			);
			dependencies = (
				4F83C0482E4FBF63007D66A6 /* PBXTargetDependency */,
			);
			fileSystemSynchronizedGroups = (
				4F83C0492E4FBF63007D66A6 /* JWTClient-iOSUITests */,
			);
			name = "JWTClient-iOSUITests";
			packageProductDependencies = (
			);
			productName = "JWTClient-iOSUITests";
			productReference = 4F83C0462E4FBF63007D66A6 /* JWTClient-iOSUITests.xctest */;
			productType = "com.apple.product-type.bundle.ui-testing";
		};
/* End PBXNativeTarget section */

/* Begin PBXProject section */
		4F83C0272E4FBF62007D66A6 /* Project object */ = {
			isa = PBXProject;
			attributes = {
				BuildIndependentTargetsInParallel = 1;
				LastSwiftUpdateCheck = 2600;
				LastUpgradeCheck = 2600;
				TargetAttributes = {
					4F83C02E2E4FBF62007D66A6 = {
						CreatedOnToolsVersion = 26.0;
						LastSwiftMigration = 2600;
					};
					4F83C03B2E4FBF63007D66A6 = {
						CreatedOnToolsVersion = 26.0;
						LastSwiftMigration = 2600;
						TestTargetID = 4F83C02E2E4FBF62007D66A6;
					};
					4F83C0452E4FBF63007D66A6 = {
						CreatedOnToolsVersion = 26.0;
						TestTargetID = 4F83C02E2E4FBF62007D66A6;
					};
				};
			};
			buildConfigurationList = 4F83C02A2E4FBF62007D66A6 /* Build configuration list for PBXProject "JWTClient-iOS" */;
			developmentRegion = en;
			hasScannedForEncodings = 0;
			knownRegions = (
				en,
				Base,
			);
			mainGroup = 4F83C0262E4FBF62007D66A6;
			minimizedProjectReferenceProxies = 1;
			preferredProjectObjectVersion = 77;
			productRefGroup = 4F83C0302E4FBF62007D66A6 /* Products */;
			projectDirPath = "";
			projectRoot = "";
			targets = (
				4F83C02E2E4FBF62007D66A6 /* JWTClient-iOS */,
				4F83C03B2E4FBF63007D66A6 /* JWTClient-iOSTests */,
				4F83C0452E4FBF63007D66A6 /* JWTClient-iOSUITests */,
			);
		};
/* End PBXProject section */

/* Begin PBXResourcesBuildPhase section */
		4F83C02D2E4FBF62007D66A6 /* Resources */ = {
			isa = PBXResourcesBuildPhase;
			buildActionMask = 2147483647;
			files = (
				4F0604DC2E519A28000D7C01 /* ReadMe.md in Resources */,
			);
			runOnlyForDeploymentPostprocessing = 0;
		};
		4F83C03A2E4FBF63007D66A6 /* Resources */ = {
			isa = PBXResourcesBuildPhase;
			buildActionMask = 2147483647;
			files = (
			);
			runOnlyForDeploymentPostprocessing = 0;
		};
		4F83C0442E4FBF63007D66A6 /* Resources */ = {
			isa = PBXResourcesBuildPhase;
			buildActionMask = 2147483647;
			files = (
			);
			runOnlyForDeploymentPostprocessing = 0;
		};
/* End PBXResourcesBuildPhase section */

/* Begin PBXSourcesBuildPhase section */
		4F83C02B2E4FBF62007D66A6 /* Sources */ = {
			isa = PBXSourcesBuildPhase;
			buildActionMask = 2147483647;
			files = (
			);
			runOnlyForDeploymentPostprocessing = 0;
		};
		4F83C0382E4FBF63007D66A6 /* Sources */ = {
			isa = PBXSourcesBuildPhase;
			buildActionMask = 2147483647;
			files = (
			);
			runOnlyForDeploymentPostprocessing = 0;
		};
		4F83C0422E4FBF63007D66A6 /* Sources */ = {
			isa = PBXSourcesBuildPhase;
			buildActionMask = 2147483647;
			files = (
			);
			runOnlyForDeploymentPostprocessing = 0;
		};
/* End PBXSourcesBuildPhase section */

/* Begin PBXTargetDependency section */
		4F83C03E2E4FBF63007D66A6 /* PBXTargetDependency */ = {
			isa = PBXTargetDependency;
			target = 4F83C02E2E4FBF62007D66A6 /* JWTClient-iOS */;
			targetProxy = 4F83C03D2E4FBF63007D66A6 /* PBXContainerItemProxy */;
		};
		4F83C0482E4FBF63007D66A6 /* PBXTargetDependency */ = {
			isa = PBXTargetDependency;
			target = 4F83C02E2E4FBF62007D66A6 /* JWTClient-iOS */;
			targetProxy = 4F83C0472E4FBF63007D66A6 /* PBXContainerItemProxy */;
		};
/* End PBXTargetDependency section */

/* Begin XCBuildConfiguration section */
		4F83C04E2E4FBF63007D66A6 /* Debug */ = {
			isa = XCBuildConfiguration;
			buildSettings = {
				ALWAYS_SEARCH_USER_PATHS = NO;
				ASSETCATALOG_COMPILER_GENERATE_SWIFT_ASSET_SYMBOL_EXTENSIONS = YES;
				CLANG_ANALYZER_NONNULL = YES;
				CLANG_ANALYZER_NUMBER_OBJECT_CONVERSION = YES_AGGRESSIVE;
				CLANG_CXX_LANGUAGE_STANDARD = "gnu++20";
				CLANG_ENABLE_MODULES = YES;
				CLANG_ENABLE_OBJC_ARC = YES;
				CLANG_ENABLE_OBJC_WEAK = YES;
				CLANG_WARN_BLOCK_CAPTURE_AUTORELEASING = YES;
				CLANG_WARN_BOOL_CONVERSION = YES;
				CLANG_WARN_COMMA = YES;
				CLANG_WARN_CONSTANT_CONVERSION = YES;
				CLANG_WARN_DEPRECATED_OBJC_IMPLEMENTATIONS = YES;
				CLANG_WARN_DIRECT_OBJC_ISA_USAGE = YES_ERROR;
				CLANG_WARN_DOCUMENTATION_COMMENTS = YES;
				CLANG_WARN_EMPTY_BODY = YES;
				CLANG_WARN_ENUM_CONVERSION = YES;
				CLANG_WARN_INFINITE_RECURSION = YES;
				CLANG_WARN_INT_CONVERSION = YES;
				CLANG_WARN_NON_LITERAL_NULL_CONVERSION = YES;
				CLANG_WARN_OBJC_IMPLICIT_RETAIN_SELF = YES;
				CLANG_WARN_OBJC_LITERAL_CONVERSION = YES;
				CLANG_WARN_OBJC_ROOT_CLASS = YES_ERROR;
				CLANG_WARN_QUOTED_INCLUDE_IN_FRAMEWORK_HEADER = YES;
				CLANG_WARN_RANGE_LOOP_ANALYSIS = YES;
				CLANG_WARN_STRICT_PROTOTYPES = YES;
				CLANG_WARN_SUSPICIOUS_MOVE = YES;
				CLANG_WARN_UNGUARDED_AVAILABILITY = YES_AGGRESSIVE;
				CLANG_WARN_UNREACHABLE_CODE = YES;
				CLANG_WARN__DUPLICATE_METHOD_MATCH = YES;
				COPY_PHASE_STRIP = NO;
				DEBUG_INFORMATION_FORMAT = dwarf;
				ENABLE_STRICT_OBJC_MSGSEND = YES;
				ENABLE_TESTABILITY = YES;
				ENABLE_USER_SCRIPT_SANDBOXING = YES;
				GCC_C_LANGUAGE_STANDARD = gnu17;
				GCC_DYNAMIC_NO_PIC = NO;
				GCC_NO_COMMON_BLOCKS = YES;
				GCC_OPTIMIZATION_LEVEL = 0;
				GCC_PREPROCESSOR_DEFINITIONS = (
					"DEBUG=1",
					"$(inherited)",
				);
				GCC_WARN_64_TO_32_BIT_CONVERSION = YES;
				GCC_WARN_ABOUT_RETURN_TYPE = YES_ERROR;
				GCC_WARN_UNDECLARED_SELECTOR = YES;
				GCC_WARN_UNINITIALIZED_AUTOS = YES_AGGRESSIVE;
				GCC_WARN_UNUSED_FUNCTION = YES;
				GCC_WARN_UNUSED_VARIABLE = YES;
				IPHONEOS_DEPLOYMENT_TARGET = 26.0;
				LOCALIZATION_PREFERS_STRING_CATALOGS = YES;
				MTL_ENABLE_DEBUG_INFO = INCLUDE_SOURCE;
				MTL_FAST_MATH = YES;
				ONLY_ACTIVE_ARCH = YES;
				SDKROOT = iphoneos;
				SWIFT_ACTIVE_COMPILATION_CONDITIONS = "DEBUG $(inherited)";
				SWIFT_OPTIMIZATION_LEVEL = "-Onone";
				SWIFT_VERSION = 6.0;
			};
			name = Debug;
		};
		4F83C04F2E4FBF63007D66A6 /* Release */ = {
			isa = XCBuildConfiguration;
			buildSettings = {
				ALWAYS_SEARCH_USER_PATHS = NO;
				ASSETCATALOG_COMPILER_GENERATE_SWIFT_ASSET_SYMBOL_EXTENSIONS = YES;
				CLANG_ANALYZER_NONNULL = YES;
				CLANG_ANALYZER_NUMBER_OBJECT_CONVERSION = YES_AGGRESSIVE;
				CLANG_CXX_LANGUAGE_STANDARD = "gnu++20";
				CLANG_ENABLE_MODULES = YES;
				CLANG_ENABLE_OBJC_ARC = YES;
				CLANG_ENABLE_OBJC_WEAK = YES;
				CLANG_WARN_BLOCK_CAPTURE_AUTORELEASING = YES;
				CLANG_WARN_BOOL_CONVERSION = YES;
				CLANG_WARN_COMMA = YES;
				CLANG_WARN_CONSTANT_CONVERSION = YES;
				CLANG_WARN_DEPRECATED_OBJC_IMPLEMENTATIONS = YES;
				CLANG_WARN_DIRECT_OBJC_ISA_USAGE = YES_ERROR;
				CLANG_WARN_DOCUMENTATION_COMMENTS = YES;
				CLANG_WARN_EMPTY_BODY = YES;
				CLANG_WARN_ENUM_CONVERSION = YES;
				CLANG_WARN_INFINITE_RECURSION = YES;
				CLANG_WARN_INT_CONVERSION = YES;
				CLANG_WARN_NON_LITERAL_NULL_CONVERSION = YES;
				CLANG_WARN_OBJC_IMPLICIT_RETAIN_SELF = YES;
				CLANG_WARN_OBJC_LITERAL_CONVERSION = YES;
				CLANG_WARN_OBJC_ROOT_CLASS = YES_ERROR;
				CLANG_WARN_QUOTED_INCLUDE_IN_FRAMEWORK_HEADER = YES;
				CLANG_WARN_RANGE_LOOP_ANALYSIS = YES;
				CLANG_WARN_STRICT_PROTOTYPES = YES;
				CLANG_WARN_SUSPICIOUS_MOVE = YES;
				CLANG_WARN_UNGUARDED_AVAILABILITY = YES_AGGRESSIVE;
				CLANG_WARN_UNREACHABLE_CODE = YES;
				CLANG_WARN__DUPLICATE_METHOD_MATCH = YES;
				COPY_PHASE_STRIP = NO;
				DEBUG_INFORMATION_FORMAT = "dwarf-with-dsym";
				ENABLE_NS_ASSERTIONS = NO;
				ENABLE_STRICT_OBJC_MSGSEND = YES;
				ENABLE_USER_SCRIPT_SANDBOXING = YES;
				GCC_C_LANGUAGE_STANDARD = gnu17;
				GCC_NO_COMMON_BLOCKS = YES;
				GCC_WARN_64_TO_32_BIT_CONVERSION = YES;
				GCC_WARN_ABOUT_RETURN_TYPE = YES_ERROR;
				GCC_WARN_UNDECLARED_SELECTOR = YES;
				GCC_WARN_UNINITIALIZED_AUTOS = YES_AGGRESSIVE;
				GCC_WARN_UNUSED_FUNCTION = YES;
				GCC_WARN_UNUSED_VARIABLE = YES;
				IPHONEOS_DEPLOYMENT_TARGET = 26.0;
				LOCALIZATION_PREFERS_STRING_CATALOGS = YES;
				MTL_ENABLE_DEBUG_INFO = NO;
				MTL_FAST_MATH = YES;
				SDKROOT = iphoneos;
				SWIFT_COMPILATION_MODE = wholemodule;
				SWIFT_VERSION = 6.0;
				VALIDATE_PRODUCT = YES;
			};
			name = Release;
		};
		4F83C0512E4FBF63007D66A6 /* Debug */ = {
			isa = XCBuildConfiguration;
			buildSettings = {
				ASSETCATALOG_COMPILER_APPICON_NAME = AppIcon;
				ASSETCATALOG_COMPILER_GLOBAL_ACCENT_COLOR_NAME = AccentColor;
				CLANG_ENABLE_MODULES = YES;
				CODE_SIGN_STYLE = Automatic;
				CURRENT_PROJECT_VERSION = 1;
				ENABLE_PREVIEWS = YES;
				GENERATE_INFOPLIST_FILE = YES;
				INFOPLIST_FILE = "JWTClient-iOS/Info.plist";
				INFOPLIST_KEY_UIApplicationSceneManifest_Generation = YES;
				INFOPLIST_KEY_UIApplicationSupportsIndirectInputEvents = YES;
				INFOPLIST_KEY_UILaunchScreen_Generation = YES;
				INFOPLIST_KEY_UISupportedInterfaceOrientations_iPad = "UIInterfaceOrientationPortrait UIInterfaceOrientationPortraitUpsideDown UIInterfaceOrientationLandscapeLeft UIInterfaceOrientationLandscapeRight";
				INFOPLIST_KEY_UISupportedInterfaceOrientations_iPhone = "UIInterfaceOrientationPortrait UIInterfaceOrientationLandscapeLeft UIInterfaceOrientationLandscapeRight";
				LD_RUNPATH_SEARCH_PATHS = (
					"$(inherited)",
					"@executable_path/Frameworks",
				);
				MARKETING_VERSION = 1.0;
				PRODUCT_BUNDLE_IDENTIFIER = "com.janesh.JWTClient-iOS";
				PRODUCT_NAME = "$(TARGET_NAME)";
				STRING_CATALOG_GENERATE_SYMBOLS = YES;
				SUPPORTED_PLATFORMS = "iphoneos iphonesimulator";
				SUPPORTS_MACCATALYST = NO;
				SUPPORTS_MAC_DESIGNED_FOR_IPHONE_IPAD = NO;
				SUPPORTS_XR_DESIGNED_FOR_IPHONE_IPAD = NO;
				SWIFT_APPROACHABLE_CONCURRENCY = YES;
				SWIFT_DEFAULT_ACTOR_ISOLATION = MainActor;
				SWIFT_EMIT_LOC_STRINGS = YES;
				SWIFT_OBJC_BRIDGING_HEADER = "JWTClient-iOS/JWTClient-iOS-Bridging-Header.h";
				SWIFT_OPTIMIZATION_LEVEL = "-Onone";
				SWIFT_UPCOMING_FEATURE_MEMBER_IMPORT_VISIBILITY = YES;
				SWIFT_VERSION = 6.0;
				TARGETED_DEVICE_FAMILY = 1;
			};
			name = Debug;
		};
		4F83C0522E4FBF63007D66A6 /* Release */ = {
			isa = XCBuildConfiguration;
			buildSettings = {
				ASSETCATALOG_COMPILER_APPICON_NAME = AppIcon;
				ASSETCATALOG_COMPILER_GLOBAL_ACCENT_COLOR_NAME = AccentColor;
				CLANG_ENABLE_MODULES = YES;
				CODE_SIGN_STYLE = Automatic;
				CURRENT_PROJECT_VERSION = 1;
				ENABLE_PREVIEWS = YES;
				GENERATE_INFOPLIST_FILE = YES;
				INFOPLIST_FILE = "JWTClient-iOS/Info.plist";
				INFOPLIST_KEY_UIApplicationSceneManifest_Generation = YES;
				INFOPLIST_KEY_UIApplicationSupportsIndirectInputEvents = YES;
				INFOPLIST_KEY_UILaunchScreen_Generation = YES;
				INFOPLIST_KEY_UISupportedInterfaceOrientations_iPad = "UIInterfaceOrientationPortrait UIInterfaceOrientationPortraitUpsideDown UIInterfaceOrientationLandscapeLeft UIInterfaceOrientationLandscapeRight";
				INFOPLIST_KEY_UISupportedInterfaceOrientations_iPhone = "UIInterfaceOrientationPortrait UIInterfaceOrientationLandscapeLeft UIInterfaceOrientationLandscapeRight";
				LD_RUNPATH_SEARCH_PATHS = (
					"$(inherited)",
					"@executable_path/Frameworks",
				);
				MARKETING_VERSION = 1.0;
				PRODUCT_BUNDLE_IDENTIFIER = "com.janesh.JWTClient-iOS";
				PRODUCT_NAME = "$(TARGET_NAME)";
				STRING_CATALOG_GENERATE_SYMBOLS = YES;
				SUPPORTED_PLATFORMS = "iphoneos iphonesimulator";
				SUPPORTS_MACCATALYST = NO;
				SUPPORTS_MAC_DESIGNED_FOR_IPHONE_IPAD = NO;
				SUPPORTS_XR_DESIGNED_FOR_IPHONE_IPAD = NO;
				SWIFT_APPROACHABLE_CONCURRENCY = YES;
				SWIFT_DEFAULT_ACTOR_ISOLATION = MainActor;
				SWIFT_EMIT_LOC_STRINGS = YES;
				SWIFT_OBJC_BRIDGING_HEADER = "JWTClient-iOS/JWTClient-iOS-Bridging-Header.h";
				SWIFT_UPCOMING_FEATURE_MEMBER_IMPORT_VISIBILITY = YES;
				SWIFT_VERSION = 6.0;
				TARGETED_DEVICE_FAMILY = 1;
			};
			name = Release;
		};
		4F83C0542E4FBF63007D66A6 /* Debug */ = {
			isa = XCBuildConfiguration;
			buildSettings = {
				BUNDLE_LOADER = "$(TEST_HOST)";
				CLANG_ENABLE_MODULES = YES;
				CODE_SIGN_STYLE = Automatic;
				CURRENT_PROJECT_VERSION = 1;
				GENERATE_INFOPLIST_FILE = YES;
				IPHONEOS_DEPLOYMENT_TARGET = 26.0;
				MARKETING_VERSION = 1.0;
				PRODUCT_BUNDLE_IDENTIFIER = "com.janesh.JWTClient-iOS.JWTClient-iOSTests";
				PRODUCT_NAME = "$(TARGET_NAME)";
				STRING_CATALOG_GENERATE_SYMBOLS = NO;
				SWIFT_APPROACHABLE_CONCURRENCY = YES;
				SWIFT_EMIT_LOC_STRINGS = NO;
				SWIFT_OBJC_BRIDGING_HEADER = "JWTClient-iOSTests/JWTClient-iOSTests-Bridging-Header.h";
				SWIFT_OPTIMIZATION_LEVEL = "-Onone";
				SWIFT_UPCOMING_FEATURE_MEMBER_IMPORT_VISIBILITY = YES;
				SWIFT_VERSION = 6.0;
				TARGETED_DEVICE_FAMILY = "1,2";
				TEST_HOST = "$(BUILT_PRODUCTS_DIR)/JWTClient-iOS.app/$(BUNDLE_EXECUTABLE_FOLDER_PATH)/JWTClient-iOS";
			};
			name = Debug;
		};
		4F83C0552E4FBF63007D66A6 /* Release */ = {
			isa = XCBuildConfiguration;
			buildSettings = {
				BUNDLE_LOADER = "$(TEST_HOST)";
				CLANG_ENABLE_MODULES = YES;
				CODE_SIGN_STYLE = Automatic;
				CURRENT_PROJECT_VERSION = 1;
				GENERATE_INFOPLIST_FILE = YES;
				IPHONEOS_DEPLOYMENT_TARGET = 26.0;
				MARKETING_VERSION = 1.0;
				PRODUCT_BUNDLE_IDENTIFIER = "com.janesh.JWTClient-iOS.JWTClient-iOSTests";
				PRODUCT_NAME = "$(TARGET_NAME)";
				STRING_CATALOG_GENERATE_SYMBOLS = NO;
				SWIFT_APPROACHABLE_CONCURRENCY = YES;
				SWIFT_EMIT_LOC_STRINGS = NO;
				SWIFT_OBJC_BRIDGING_HEADER = "JWTClient-iOSTests/JWTClient-iOSTests-Bridging-Header.h";
				SWIFT_UPCOMING_FEATURE_MEMBER_IMPORT_VISIBILITY = YES;
				SWIFT_VERSION = 6.0;
				TARGETED_DEVICE_FAMILY = "1,2";
				TEST_HOST = "$(BUILT_PRODUCTS_DIR)/JWTClient-iOS.app/$(BUNDLE_EXECUTABLE_FOLDER_PATH)/JWTClient-iOS";
			};
			name = Release;
		};
		4F83C0572E4FBF63007D66A6 /* Debug */ = {
			isa = XCBuildConfiguration;
			buildSettings = {
				CODE_SIGN_STYLE = Automatic;
				CURRENT_PROJECT_VERSION = 1;
				GENERATE_INFOPLIST_FILE = YES;
				MARKETING_VERSION = 1.0;
				PRODUCT_BUNDLE_IDENTIFIER = "com.janesh.JWTClient-iOS.JWTClient-iOSUITests";
				PRODUCT_NAME = "$(TARGET_NAME)";
				STRING_CATALOG_GENERATE_SYMBOLS = NO;
				SWIFT_APPROACHABLE_CONCURRENCY = YES;
				SWIFT_EMIT_LOC_STRINGS = NO;
				SWIFT_UPCOMING_FEATURE_MEMBER_IMPORT_VISIBILITY = YES;
				SWIFT_VERSION = 6.0;
				TARGETED_DEVICE_FAMILY = "1,2";
				TEST_TARGET_NAME = "JWTClient-iOS";
			};
			name = Debug;
		};
		4F83C0582E4FBF63007D66A6 /* Release */ = {
			isa = XCBuildConfiguration;
			buildSettings = {
				CODE_SIGN_STYLE = Automatic;
				CURRENT_PROJECT_VERSION = 1;
				GENERATE_INFOPLIST_FILE = YES;
				MARKETING_VERSION = 1.0;
				PRODUCT_BUNDLE_IDENTIFIER = "com.janesh.JWTClient-iOS.JWTClient-iOSUITests";
				PRODUCT_NAME = "$(TARGET_NAME)";
				STRING_CATALOG_GENERATE_SYMBOLS = NO;
				SWIFT_APPROACHABLE_CONCURRENCY = YES;
				SWIFT_EMIT_LOC_STRINGS = NO;
				SWIFT_UPCOMING_FEATURE_MEMBER_IMPORT_VISIBILITY = YES;
				SWIFT_VERSION = 6.0;
				TARGETED_DEVICE_FAMILY = "1,2";
				TEST_TARGET_NAME = "JWTClient-iOS";
			};
			name = Release;
		};
/* End XCBuildConfiguration section */

/* Begin XCConfigurationList section */
		4F83C02A2E4FBF62007D66A6 /* Build configuration list for PBXProject "JWTClient-iOS" */ = {
			isa = XCConfigurationList;
			buildConfigurations = (
				4F83C04E2E4FBF63007D66A6 /* Debug */,
				4F83C04F2E4FBF63007D66A6 /* Release */,
			);
			defaultConfigurationIsVisible = 0;
			defaultConfigurationName = Release;
		};
		4F83C0502E4FBF63007D66A6 /* Build configuration list for PBXNativeTarget "JWTClient-iOS" */ = {
			isa = XCConfigurationList;
			buildConfigurations = (
				4F83C0512E4FBF63007D66A6 /* Debug */,
				4F83C0522E4FBF63007D66A6 /* Release */,
			);
			defaultConfigurationIsVisible = 0;
			defaultConfigurationName = Release;
		};
		4F83C0532E4FBF63007D66A6 /* Build configuration list for PBXNativeTarget "JWTClient-iOSTests" */ = {
			isa = XCConfigurationList;
			buildConfigurations = (
				4F83C0542E4FBF63007D66A6 /* Debug */,
				4F83C0552E4FBF63007D66A6 /* Release */,
			);
			defaultConfigurationIsVisible = 0;
			defaultConfigurationName = Release;
		};
		4F83C0562E4FBF63007D66A6 /* Build configuration list for PBXNativeTarget "JWTClient-iOSUITests" */ = {
			isa = XCConfigurationList;
			buildConfigurations = (
				4F83C0572E4FBF63007D66A6 /* Debug */,
				4F83C0582E4FBF63007D66A6 /* Release */,
			);
			defaultConfigurationIsVisible = 0;
			defaultConfigurationName = Release;
		};
/* End XCConfigurationList section */
	};
	rootObject = 4F83C0272E4FBF62007D66A6 /* Project object */;
}
