// !$*UTF8*$!
{
	archiveVersion = 1;
	classes = {
	};
	objectVersion = 77;
	objects = {

/* Begin PBXContainerItemProxy section */
		4F1700192E5C0C0100D0324D /* PBXContainerItemProxy */ = {
			isa = PBXContainerItemProxy;
			containerPortal = 4F1700032E5C0C0100D0324D /* Project object */;
			proxyType = 1;
			remoteGlobalIDString = 4F17000A2E5C0C0100D0324D;
			remoteInfo = UnitAndUITestPOC;
		};
		4F1700232E5C0C0100D0324D /* PBXContainerItemProxy */ = {
			isa = PBXContainerItemProxy;
			containerPortal = 4F1700032E5C0C0100D0324D /* Project object */;
			proxyType = 1;
			remoteGlobalIDString = 4F17000A2E5C0C0100D0324D;
			remoteInfo = UnitAndUITestPOC;
		};
/* End PBXContainerItemProxy section */

/* Begin PBXFileReference section */
		4F17000B2E5C0C0100D0324D /* UnitAndUITestPOC.app */ = {isa = PBXFileReference; explicitFileType = wrapper.application; includeInIndex = 0; path = UnitAndUITestPOC.app; sourceTree = BUILT_PRODUCTS_DIR; };
		4F1700182E5C0C0100D0324D /* UnitAndUITestPOCTests.xctest */ = {isa = PBXFileReference; explicitFileType = wrapper.cfbundle; includeInIndex = 0; path = UnitAndUITestPOCTests.xctest; sourceTree = BUILT_PRODUCTS_DIR; };
		4F1700222E5C0C0100D0324D /* UnitAndUITestPOCUITests.xctest */ = {isa = PBXFileReference; explicitFileType = wrapper.cfbundle; includeInIndex = 0; path = UnitAndUITestPOCUITests.xctest; sourceTree = BUILT_PRODUCTS_DIR; };
/* End PBXFileReference section */

/* Begin PBXFileSystemSynchronizedRootGroup section */
		4F17000D2E5C0C0100D0324D /* UnitAndUITestPOC */ = {
			isa = PBXFileSystemSynchronizedRootGroup;
			path = UnitAndUITestPOC;
			sourceTree = "<group>";
		};
		4F17001B2E5C0C0100D0324D /* UnitAndUITestPOCTests */ = {
			isa = PBXFileSystemSynchronizedRootGroup;
			path = UnitAndUITestPOCTests;
			sourceTree = "<group>";
		};
		4F1700252E5C0C0100D0324D /* UnitAndUITestPOCUITests */ = {
			isa = PBXFileSystemSynchronizedRootGroup;
			path = UnitAndUITestPOCUITests;
			sourceTree = "<group>";
		};
/* End PBXFileSystemSynchronizedRootGroup section */

/* Begin PBXFrameworksBuildPhase section */
		4F1700082E5C0C0100D0324D /* Frameworks */ = {
			isa = PBXFrameworksBuildPhase;
			buildActionMask = 2147483647;
			files = (
			);
			runOnlyForDeploymentPostprocessing = 0;
		};
		4F1700152E5C0C0100D0324D /* Frameworks */ = {
			isa = PBXFrameworksBuildPhase;
			buildActionMask = 2147483647;
			files = (
			);
			runOnlyForDeploymentPostprocessing = 0;
		};
		4F17001F2E5C0C0100D0324D /* Frameworks */ = {
			isa = PBXFrameworksBuildPhase;
			buildActionMask = 2147483647;
			files = (
			);
			runOnlyForDeploymentPostprocessing = 0;
		};
/* End PBXFrameworksBuildPhase section */

/* Begin PBXGroup section */
		4F1700022E5C0C0100D0324D = {
			isa = PBXGroup;
			children = (
				4F17000D2E5C0C0100D0324D /* UnitAndUITestPOC */,
				4F17001B2E5C0C0100D0324D /* UnitAndUITestPOCTests */,
				4F1700252E5C0C0100D0324D /* UnitAndUITestPOCUITests */,
				4F17000C2E5C0C0100D0324D /* Products */,
			);
			sourceTree = "<group>";
		};
		4F17000C2E5C0C0100D0324D /* Products */ = {
			isa = PBXGroup;
			children = (
				4F17000B2E5C0C0100D0324D /* UnitAndUITestPOC.app */,
				4F1700182E5C0C0100D0324D /* UnitAndUITestPOCTests.xctest */,
				4F1700222E5C0C0100D0324D /* UnitAndUITestPOCUITests.xctest */,
			);
			name = Products;
			sourceTree = "<group>";
		};
/* End PBXGroup section */

/* Begin PBXNativeTarget section */
		4F17000A2E5C0C0100D0324D /* UnitAndUITestPOC */ = {
			isa = PBXNativeTarget;
			buildConfigurationList = 4F17002C2E5C0C0100D0324D /* Build configuration list for PBXNativeTarget "UnitAndUITestPOC" */;
			buildPhases = (
				4F1700072E5C0C0100D0324D /* Sources */,
				4F1700082E5C0C0100D0324D /* Frameworks */,
				4F1700092E5C0C0100D0324D /* Resources */,
			);
			buildRules = (
			);
			dependencies = (
			);
			fileSystemSynchronizedGroups = (
				4F17000D2E5C0C0100D0324D /* UnitAndUITestPOC */,
			);
			name = UnitAndUITestPOC;
			packageProductDependencies = (
			);
			productName = UnitAndUITestPOC;
			productReference = 4F17000B2E5C0C0100D0324D /* UnitAndUITestPOC.app */;
			productType = "com.apple.product-type.application";
		};
		4F1700172E5C0C0100D0324D /* UnitAndUITestPOCTests */ = {
			isa = PBXNativeTarget;
			buildConfigurationList = 4F17002F2E5C0C0100D0324D /* Build configuration list for PBXNativeTarget "UnitAndUITestPOCTests" */;
			buildPhases = (
				4F1700142E5C0C0100D0324D /* Sources */,
				4F1700152E5C0C0100D0324D /* Frameworks */,
				4F1700162E5C0C0100D0324D /* Resources */,
			);
			buildRules = (
			);
			dependencies = (
				4F17001A2E5C0C0100D0324D /* PBXTargetDependency */,
			);
			fileSystemSynchronizedGroups = (
				4F17001B2E5C0C0100D0324D /* UnitAndUITestPOCTests */,
			);
			name = UnitAndUITestPOCTests;
			packageProductDependencies = (
			);
			productName = UnitAndUITestPOCTests;
			productReference = 4F1700182E5C0C0100D0324D /* UnitAndUITestPOCTests.xctest */;
			productType = "com.apple.product-type.bundle.unit-test";
		};
		4F1700212E5C0C0100D0324D /* UnitAndUITestPOCUITests */ = {
			isa = PBXNativeTarget;
			buildConfigurationList = 4F1700322E5C0C0100D0324D /* Build configuration list for PBXNativeTarget "UnitAndUITestPOCUITests" */;
			buildPhases = (
				4F17001E2E5C0C0100D0324D /* Sources */,
				4F17001F2E5C0C0100D0324D /* Frameworks */,
				4F1700202E5C0C0100D0324D /* Resources */,
			);
			buildRules = (
			);
			dependencies = (
				4F1700242E5C0C0100D0324D /* PBXTargetDependency */,
			);
			fileSystemSynchronizedGroups = (
				4F1700252E5C0C0100D0324D /* UnitAndUITestPOCUITests */,
			);
			name = UnitAndUITestPOCUITests;
			packageProductDependencies = (
			);
			productName = UnitAndUITestPOCUITests;
			productReference = 4F1700222E5C0C0100D0324D /* UnitAndUITestPOCUITests.xctest */;
			productType = "com.apple.product-type.bundle.ui-testing";
		};
/* End PBXNativeTarget section */

/* Begin PBXProject section */
		4F1700032E5C0C0100D0324D /* Project object */ = {
			isa = PBXProject;
			attributes = {
				BuildIndependentTargetsInParallel = 1;
				LastSwiftUpdateCheck = 2600;
				LastUpgradeCheck = 2600;
				TargetAttributes = {
					4F17000A2E5C0C0100D0324D = {
						CreatedOnToolsVersion = 26.0;
					};
					4F1700172E5C0C0100D0324D = {
						CreatedOnToolsVersion = 26.0;
						TestTargetID = 4F17000A2E5C0C0100D0324D;
					};
					4F1700212E5C0C0100D0324D = {
						CreatedOnToolsVersion = 26.0;
						TestTargetID = 4F17000A2E5C0C0100D0324D;
					};
				};
			};
			buildConfigurationList = 4F1700062E5C0C0100D0324D /* Build configuration list for PBXProject "UnitAndUITestPOC" */;
			developmentRegion = en;
			hasScannedForEncodings = 0;
			knownRegions = (
				en,
				Base,
			);
			mainGroup = 4F1700022E5C0C0100D0324D;
			minimizedProjectReferenceProxies = 1;
			preferredProjectObjectVersion = 77;
			productRefGroup = 4F17000C2E5C0C0100D0324D /* Products */;
			projectDirPath = "";
			projectRoot = "";
			targets = (
				4F17000A2E5C0C0100D0324D /* UnitAndUITestPOC */,
				4F1700172E5C0C0100D0324D /* UnitAndUITestPOCTests */,
				4F1700212E5C0C0100D0324D /* UnitAndUITestPOCUITests */,
			);
		};
/* End PBXProject section */

/* Begin PBXResourcesBuildPhase section */
		4F1700092E5C0C0100D0324D /* Resources */ = {
			isa = PBXResourcesBuildPhase;
			buildActionMask = 2147483647;
			files = (
			);
			runOnlyForDeploymentPostprocessing = 0;
		};
		4F1700162E5C0C0100D0324D /* Resources */ = {
			isa = PBXResourcesBuildPhase;
			buildActionMask = 2147483647;
			files = (
			);
			runOnlyForDeploymentPostprocessing = 0;
		};
		4F1700202E5C0C0100D0324D /* Resources */ = {
			isa = PBXResourcesBuildPhase;
			buildActionMask = 2147483647;
			files = (
			);
			runOnlyForDeploymentPostprocessing = 0;
		};
/* End PBXResourcesBuildPhase section */

/* Begin PBXSourcesBuildPhase section */
		4F1700072E5C0C0100D0324D /* Sources */ = {
			isa = PBXSourcesBuildPhase;
			buildActionMask = 2147483647;
			files = (
			);
			runOnlyForDeploymentPostprocessing = 0;
		};
		4F1700142E5C0C0100D0324D /* Sources */ = {
			isa = PBXSourcesBuildPhase;
			buildActionMask = 2147483647;
			files = (
			);
			runOnlyForDeploymentPostprocessing = 0;
		};
		4F17001E2E5C0C0100D0324D /* Sources */ = {
			isa = PBXSourcesBuildPhase;
			buildActionMask = 2147483647;
			files = (
			);
			runOnlyForDeploymentPostprocessing = 0;
		};
/* End PBXSourcesBuildPhase section */

/* Begin PBXTargetDependency section */
		4F17001A2E5C0C0100D0324D /* PBXTargetDependency */ = {
			isa = PBXTargetDependency;
			target = 4F17000A2E5C0C0100D0324D /* UnitAndUITestPOC */;
			targetProxy = 4F1700192E5C0C0100D0324D /* PBXContainerItemProxy */;
		};
		4F1700242E5C0C0100D0324D /* PBXTargetDependency */ = {
			isa = PBXTargetDependency;
			target = 4F17000A2E5C0C0100D0324D /* UnitAndUITestPOC */;
			targetProxy = 4F1700232E5C0C0100D0324D /* PBXContainerItemProxy */;
		};
/* End PBXTargetDependency section */

/* Begin XCBuildConfiguration section */
		4F17002A2E5C0C0100D0324D /* Debug */ = {
			isa = XCBuildConfiguration;
			buildSettings = {
				ALWAYS_SEARCH_USER_PATHS = NO;
				ASSETCATALOG_COMPILER_GENERATE_SWIFT_ASSET_SYMBOL_EXTENSIONS = YES;
				CLANG_ANALYZER_NONNULL = YES;
				CLANG_ANALYZER_NUMBER_OBJECT_CONVERSION = YES_AGGRESSIVE;
				CLANG_CXX_LANGUAGE_STANDARD = "gnu++20";
				CLANG_ENABLE_MODULES = YES;
				CLANG_ENABLE_OBJC_ARC = YES;
				CLANG_ENABLE_OBJC_WEAK = YES;
				CLANG_WARN_BLOCK_CAPTURE_AUTORELEASING = YES;
				CLANG_WARN_BOOL_CONVERSION = YES;
				CLANG_WARN_COMMA = YES;
				CLANG_WARN_CONSTANT_CONVERSION = YES;
				CLANG_WARN_DEPRECATED_OBJC_IMPLEMENTATIONS = YES;
				CLANG_WARN_DIRECT_OBJC_ISA_USAGE = YES_ERROR;
				CLANG_WARN_DOCUMENTATION_COMMENTS = YES;
				CLANG_WARN_EMPTY_BODY = YES;
				CLANG_WARN_ENUM_CONVERSION = YES;
				CLANG_WARN_INFINITE_RECURSION = YES;
				CLANG_WARN_INT_CONVERSION = YES;
				CLANG_WARN_NON_LITERAL_NULL_CONVERSION = YES;
				CLANG_WARN_OBJC_IMPLICIT_RETAIN_SELF = YES;
				CLANG_WARN_OBJC_LITERAL_CONVERSION = YES;
				CLANG_WARN_OBJC_ROOT_CLASS = YES_ERROR;
				CLANG_WARN_QUOTED_INCLUDE_IN_FRAMEWORK_HEADER = YES;
				CLANG_WARN_RANGE_LOOP_ANALYSIS = YES;
				CLANG_WARN_STRICT_PROTOTYPES = YES;
				CLANG_WARN_SUSPICIOUS_MOVE = YES;
				CLANG_WARN_UNGUARDED_AVAILABILITY = YES_AGGRESSIVE;
				CLANG_WARN_UNREACHABLE_CODE = YES;
				CLANG_WARN__DUPLICATE_METHOD_MATCH = YES;
				COPY_PHASE_STRIP = NO;
				DEBUG_INFORMATION_FORMAT = dwarf;
				DEVELOPMENT_TEAM = Y3YTTDCR86;
				ENABLE_STRICT_OBJC_MSGSEND = YES;
				ENABLE_TESTABILITY = YES;
				ENABLE_USER_SCRIPT_SANDBOXING = YES;
				GCC_C_LANGUAGE_STANDARD = gnu17;
				GCC_DYNAMIC_NO_PIC = NO;
				GCC_NO_COMMON_BLOCKS = YES;
				GCC_OPTIMIZATION_LEVEL = 0;
				GCC_PREPROCESSOR_DEFINITIONS = (
					"DEBUG=1",
					"$(inherited)",
				);
				GCC_WARN_64_TO_32_BIT_CONVERSION = YES;
				GCC_WARN_ABOUT_RETURN_TYPE = YES_ERROR;
				GCC_WARN_UNDECLARED_SELECTOR = YES;
				GCC_WARN_UNINITIALIZED_AUTOS = YES_AGGRESSIVE;
				GCC_WARN_UNUSED_FUNCTION = YES;
				GCC_WARN_UNUSED_VARIABLE = YES;
				IPHONEOS_DEPLOYMENT_TARGET = 26.0;
				LOCALIZATION_PREFERS_STRING_CATALOGS = YES;
				MTL_ENABLE_DEBUG_INFO = INCLUDE_SOURCE;
				MTL_FAST_MATH = YES;
				ONLY_ACTIVE_ARCH = YES;
				SDKROOT = iphoneos;
				SWIFT_ACTIVE_COMPILATION_CONDITIONS = "DEBUG $(inherited)";
				SWIFT_OPTIMIZATION_LEVEL = "-Onone";
			};
			name = Debug;
		};
		4F17002B2E5C0C0100D0324D /* Release */ = {
			isa = XCBuildConfiguration;
			buildSettings = {
				ALWAYS_SEARCH_USER_PATHS = NO;
				ASSETCATALOG_COMPILER_GENERATE_SWIFT_ASSET_SYMBOL_EXTENSIONS = YES;
				CLANG_ANALYZER_NONNULL = YES;
				CLANG_ANALYZER_NUMBER_OBJECT_CONVERSION = YES_AGGRESSIVE;
				CLANG_CXX_LANGUAGE_STANDARD = "gnu++20";
				CLANG_ENABLE_MODULES = YES;
				CLANG_ENABLE_OBJC_ARC = YES;
				CLANG_ENABLE_OBJC_WEAK = YES;
				CLANG_WARN_BLOCK_CAPTURE_AUTORELEASING = YES;
				CLANG_WARN_BOOL_CONVERSION = YES;
				CLANG_WARN_COMMA = YES;
				CLANG_WARN_CONSTANT_CONVERSION = YES;
				CLANG_WARN_DEPRECATED_OBJC_IMPLEMENTATIONS = YES;
				CLANG_WARN_DIRECT_OBJC_ISA_USAGE = YES_ERROR;
				CLANG_WARN_DOCUMENTATION_COMMENTS = YES;
				CLANG_WARN_EMPTY_BODY = YES;
				CLANG_WARN_ENUM_CONVERSION = YES;
				CLANG_WARN_INFINITE_RECURSION = YES;
				CLANG_WARN_INT_CONVERSION = YES;
				CLANG_WARN_NON_LITERAL_NULL_CONVERSION = YES;
				CLANG_WARN_OBJC_IMPLICIT_RETAIN_SELF = YES;
				CLANG_WARN_OBJC_LITERAL_CONVERSION = YES;
				CLANG_WARN_OBJC_ROOT_CLASS = YES_ERROR;
				CLANG_WARN_QUOTED_INCLUDE_IN_FRAMEWORK_HEADER = YES;
				CLANG_WARN_RANGE_LOOP_ANALYSIS = YES;
				CLANG_WARN_STRICT_PROTOTYPES = YES;
				CLANG_WARN_SUSPICIOUS_MOVE = YES;
				CLANG_WARN_UNGUARDED_AVAILABILITY = YES_AGGRESSIVE;
				CLANG_WARN_UNREACHABLE_CODE = YES;
				CLANG_WARN__DUPLICATE_METHOD_MATCH = YES;
				COPY_PHASE_STRIP = NO;
				DEBUG_INFORMATION_FORMAT = "dwarf-with-dsym";
				DEVELOPMENT_TEAM = Y3YTTDCR86;
				ENABLE_NS_ASSERTIONS = NO;
				ENABLE_STRICT_OBJC_MSGSEND = YES;
				ENABLE_USER_SCRIPT_SANDBOXING = YES;
				GCC_C_LANGUAGE_STANDARD = gnu17;
				GCC_NO_COMMON_BLOCKS = YES;
				GCC_WARN_64_TO_32_BIT_CONVERSION = YES;
				GCC_WARN_ABOUT_RETURN_TYPE = YES_ERROR;
				GCC_WARN_UNDECLARED_SELECTOR = YES;
				GCC_WARN_UNINITIALIZED_AUTOS = YES_AGGRESSIVE;
				GCC_WARN_UNUSED_FUNCTION = YES;
				GCC_WARN_UNUSED_VARIABLE = YES;
				IPHONEOS_DEPLOYMENT_TARGET = 26.0;
				LOCALIZATION_PREFERS_STRING_CATALOGS = YES;
				MTL_ENABLE_DEBUG_INFO = NO;
				MTL_FAST_MATH = YES;
				SDKROOT = iphoneos;
				SWIFT_COMPILATION_MODE = wholemodule;
				VALIDATE_PRODUCT = YES;
			};
			name = Release;
		};
		4F17002D2E5C0C0100D0324D /* Debug */ = {
			isa = XCBuildConfiguration;
			buildSettings = {
				ASSETCATALOG_COMPILER_APPICON_NAME = AppIcon;
				ASSETCATALOG_COMPILER_GLOBAL_ACCENT_COLOR_NAME = AccentColor;
				CODE_SIGN_STYLE = Automatic;
				CURRENT_PROJECT_VERSION = 1;
				DEVELOPMENT_TEAM = Y3YTTDCR86;
				ENABLE_PREVIEWS = YES;
				GENERATE_INFOPLIST_FILE = YES;
				INFOPLIST_KEY_UIApplicationSceneManifest_Generation = YES;
				INFOPLIST_KEY_UIApplicationSupportsIndirectInputEvents = YES;
				INFOPLIST_KEY_UILaunchScreen_Generation = YES;
				INFOPLIST_KEY_UISupportedInterfaceOrientations_iPad = "UIInterfaceOrientationPortrait UIInterfaceOrientationPortraitUpsideDown UIInterfaceOrientationLandscapeLeft UIInterfaceOrientationLandscapeRight";
				INFOPLIST_KEY_UISupportedInterfaceOrientations_iPhone = "UIInterfaceOrientationPortrait UIInterfaceOrientationLandscapeLeft UIInterfaceOrientationLandscapeRight";
				LD_RUNPATH_SEARCH_PATHS = (
					"$(inherited)",
					"@executable_path/Frameworks",
				);
				MARKETING_VERSION = 1.0;
				PRODUCT_BUNDLE_IDENTIFIER = com.janesh.unittests.UnitAndUITestPOC;
				PRODUCT_NAME = "$(TARGET_NAME)";
				STRING_CATALOG_GENERATE_SYMBOLS = YES;
				SWIFT_APPROACHABLE_CONCURRENCY = YES;
				SWIFT_DEFAULT_ACTOR_ISOLATION = MainActor;
				SWIFT_EMIT_LOC_STRINGS = YES;
				SWIFT_UPCOMING_FEATURE_MEMBER_IMPORT_VISIBILITY = YES;
				SWIFT_VERSION = 5.0;
				TARGETED_DEVICE_FAMILY = "1,2";
			};
			name = Debug;
		};
		4F17002E2E5C0C0100D0324D /* Release */ = {
			isa = XCBuildConfiguration;
			buildSettings = {
				ASSETCATALOG_COMPILER_APPICON_NAME = AppIcon;
				ASSETCATALOG_COMPILER_GLOBAL_ACCENT_COLOR_NAME = AccentColor;
				CODE_SIGN_STYLE = Automatic;
				CURRENT_PROJECT_VERSION = 1;
				DEVELOPMENT_TEAM = Y3YTTDCR86;
				ENABLE_PREVIEWS = YES;
				GENERATE_INFOPLIST_FILE = YES;
				INFOPLIST_KEY_UIApplicationSceneManifest_Generation = YES;
				INFOPLIST_KEY_UIApplicationSupportsIndirectInputEvents = YES;
				INFOPLIST_KEY_UILaunchScreen_Generation = YES;
				INFOPLIST_KEY_UISupportedInterfaceOrientations_iPad = "UIInterfaceOrientationPortrait UIInterfaceOrientationPortraitUpsideDown UIInterfaceOrientationLandscapeLeft UIInterfaceOrientationLandscapeRight";
				INFOPLIST_KEY_UISupportedInterfaceOrientations_iPhone = "UIInterfaceOrientationPortrait UIInterfaceOrientationLandscapeLeft UIInterfaceOrientationLandscapeRight";
				LD_RUNPATH_SEARCH_PATHS = (
					"$(inherited)",
					"@executable_path/Frameworks",
				);
				MARKETING_VERSION = 1.0;
				PRODUCT_BUNDLE_IDENTIFIER = com.janesh.unittests.UnitAndUITestPOC;
				PRODUCT_NAME = "$(TARGET_NAME)";
				STRING_CATALOG_GENERATE_SYMBOLS = YES;
				SWIFT_APPROACHABLE_CONCURRENCY = YES;
				SWIFT_DEFAULT_ACTOR_ISOLATION = MainActor;
				SWIFT_EMIT_LOC_STRINGS = YES;
				SWIFT_UPCOMING_FEATURE_MEMBER_IMPORT_VISIBILITY = YES;
				SWIFT_VERSION = 5.0;
				TARGETED_DEVICE_FAMILY = "1,2";
			};
			name = Release;
		};
		4F1700302E5C0C0100D0324D /* Debug */ = {
			isa = XCBuildConfiguration;
			buildSettings = {
				BUNDLE_LOADER = "$(TEST_HOST)";
				CODE_SIGN_STYLE = Automatic;
				CURRENT_PROJECT_VERSION = 1;
				DEVELOPMENT_TEAM = Y3YTTDCR86;
				GENERATE_INFOPLIST_FILE = YES;
				IPHONEOS_DEPLOYMENT_TARGET = 26.0;
				MARKETING_VERSION = 1.0;
				PRODUCT_BUNDLE_IDENTIFIER = com.janesh.unittests.UnitAndUITestPOCTests;
				PRODUCT_NAME = "$(TARGET_NAME)";
				STRING_CATALOG_GENERATE_SYMBOLS = NO;
				SWIFT_APPROACHABLE_CONCURRENCY = YES;
				SWIFT_EMIT_LOC_STRINGS = NO;
				SWIFT_UPCOMING_FEATURE_MEMBER_IMPORT_VISIBILITY = YES;
				SWIFT_VERSION = 5.0;
				TARGETED_DEVICE_FAMILY = "1,2";
				TEST_HOST = "$(BUILT_PRODUCTS_DIR)/UnitAndUITestPOC.app/$(BUNDLE_EXECUTABLE_FOLDER_PATH)/UnitAndUITestPOC";
			};
			name = Debug;
		};
		4F1700312E5C0C0100D0324D /* Release */ = {
			isa = XCBuildConfiguration;
			buildSettings = {
				BUNDLE_LOADER = "$(TEST_HOST)";
				CODE_SIGN_STYLE = Automatic;
				CURRENT_PROJECT_VERSION = 1;
				DEVELOPMENT_TEAM = Y3YTTDCR86;
				GENERATE_INFOPLIST_FILE = YES;
				IPHONEOS_DEPLOYMENT_TARGET = 26.0;
				MARKETING_VERSION = 1.0;
				PRODUCT_BUNDLE_IDENTIFIER = com.janesh.unittests.UnitAndUITestPOCTests;
				PRODUCT_NAME = "$(TARGET_NAME)";
				STRING_CATALOG_GENERATE_SYMBOLS = NO;
				SWIFT_APPROACHABLE_CONCURRENCY = YES;
				SWIFT_EMIT_LOC_STRINGS = NO;
				SWIFT_UPCOMING_FEATURE_MEMBER_IMPORT_VISIBILITY = YES;
				SWIFT_VERSION = 5.0;
				TARGETED_DEVICE_FAMILY = "1,2";
				TEST_HOST = "$(BUILT_PRODUCTS_DIR)/UnitAndUITestPOC.app/$(BUNDLE_EXECUTABLE_FOLDER_PATH)/UnitAndUITestPOC";
			};
			name = Release;
		};
		4F1700332E5C0C0100D0324D /* Debug */ = {
			isa = XCBuildConfiguration;
			buildSettings = {
				CODE_SIGN_STYLE = Automatic;
				CURRENT_PROJECT_VERSION = 1;
				DEVELOPMENT_TEAM = Y3YTTDCR86;
				GENERATE_INFOPLIST_FILE = YES;
				MARKETING_VERSION = 1.0;
				PRODUCT_BUNDLE_IDENTIFIER = com.janesh.unittests.UnitAndUITestPOCUITests;
				PRODUCT_NAME = "$(TARGET_NAME)";
				STRING_CATALOG_GENERATE_SYMBOLS = NO;
				SWIFT_APPROACHABLE_CONCURRENCY = YES;
				SWIFT_EMIT_LOC_STRINGS = NO;
				SWIFT_UPCOMING_FEATURE_MEMBER_IMPORT_VISIBILITY = YES;
				SWIFT_VERSION = 5.0;
				TARGETED_DEVICE_FAMILY = "1,2";
				TEST_TARGET_NAME = UnitAndUITestPOC;
			};
			name = Debug;
		};
		4F1700342E5C0C0100D0324D /* Release */ = {
			isa = XCBuildConfiguration;
			buildSettings = {
				CODE_SIGN_STYLE = Automatic;
				CURRENT_PROJECT_VERSION = 1;
				DEVELOPMENT_TEAM = Y3YTTDCR86;
				GENERATE_INFOPLIST_FILE = YES;
				MARKETING_VERSION = 1.0;
				PRODUCT_BUNDLE_IDENTIFIER = com.janesh.unittests.UnitAndUITestPOCUITests;
				PRODUCT_NAME = "$(TARGET_NAME)";
				STRING_CATALOG_GENERATE_SYMBOLS = NO;
				SWIFT_APPROACHABLE_CONCURRENCY = YES;
				SWIFT_EMIT_LOC_STRINGS = NO;
				SWIFT_UPCOMING_FEATURE_MEMBER_IMPORT_VISIBILITY = YES;
				SWIFT_VERSION = 5.0;
				TARGETED_DEVICE_FAMILY = "1,2";
				TEST_TARGET_NAME = UnitAndUITestPOC;
			};
			name = Release;
		};
/* End XCBuildConfiguration section */

/* Begin XCConfigurationList section */
		4F1700062E5C0C0100D0324D /* Build configuration list for PBXProject "UnitAndUITestPOC" */ = {
			isa = XCConfigurationList;
			buildConfigurations = (
				4F17002A2E5C0C0100D0324D /* Debug */,
				4F17002B2E5C0C0100D0324D /* Release */,
			);
			defaultConfigurationIsVisible = 0;
			defaultConfigurationName = Release;
		};
		4F17002C2E5C0C0100D0324D /* Build configuration list for PBXNativeTarget "UnitAndUITestPOC" */ = {
			isa = XCConfigurationList;
			buildConfigurations = (
				4F17002D2E5C0C0100D0324D /* Debug */,
				4F17002E2E5C0C0100D0324D /* Release */,
			);
			defaultConfigurationIsVisible = 0;
			defaultConfigurationName = Release;
		};
		4F17002F2E5C0C0100D0324D /* Build configuration list for PBXNativeTarget "UnitAndUITestPOCTests" */ = {
			isa = XCConfigurationList;
			buildConfigurations = (
				4F1700302E5C0C0100D0324D /* Debug */,
				4F1700312E5C0C0100D0324D /* Release */,
			);
			defaultConfigurationIsVisible = 0;
			defaultConfigurationName = Release;
		};
		4F1700322E5C0C0100D0324D /* Build configuration list for PBXNativeTarget "UnitAndUITestPOCUITests" */ = {
			isa = XCConfigurationList;
			buildConfigurations = (
				4F1700332E5C0C0100D0324D /* Debug */,
				4F1700342E5C0C0100D0324D /* Release */,
			);
			defaultConfigurationIsVisible = 0;
			defaultConfigurationName = Release;
		};
/* End XCConfigurationList section */
	};
	rootObject = 4F1700032E5C0C0100D0324D /* Project object */;
}
