// !$*UTF8*$!
{
	archiveVersion = 1;
	classes = {
	};
	objectVersion = 77;
	objects = {

/* Begin PBXBuildFile section */
		4F381BEB2E4648FF006B6CDA /* AppRouter in Frameworks */ = {isa = PBXBuildFile; productRef = 4F381BEA2E4648FF006B6CDA /* AppRouter */; };
		4FC6A5072E463C0E0034244F /* OrderSummaryPackage in Frameworks */ = {isa = PBXBuildFile; productRef = 4FC6A5062E463C0E0034244F /* OrderSummaryPackage */; };
		4FC6A50A2E463C140034244F /* CartPackage in Frameworks */ = {isa = PBXBuildFile; productRef = 4FC6A5092E463C140034244F /* CartPackage */; };
/* End PBXBuildFile section */

/* Begin PBXContainerItemProxy section */
		4F1204912E4653520023D2FE /* PBXContainerItemProxy */ = {
			isa = PBXContainerItemProxy;
			containerPortal = 4FC6A4D42E4628C50034244F /* Project object */;
			proxyType = 1;
			remoteGlobalIDString = 4FC6A4DB2E4628C50034244F;
			remoteInfo = ScalablePackageNavigation;
		};
/* End PBXContainerItemProxy section */

/* Begin PBXFileReference section */
		4F12048D2E4653520023D2FE /* ScalablePackageNavigationTests.xctest */ = {isa = PBXFileReference; explicitFileType = wrapper.cfbundle; includeInIndex = 0; path = ScalablePackageNavigationTests.xctest; sourceTree = BUILT_PRODUCTS_DIR; };
		4FC6A4DC2E4628C50034244F /* ScalablePackageNavigation.app */ = {isa = PBXFileReference; explicitFileType = wrapper.application; includeInIndex = 0; path = ScalablePackageNavigation.app; sourceTree = BUILT_PRODUCTS_DIR; };
/* End PBXFileReference section */

/* Begin PBXFileSystemSynchronizedRootGroup section */
		4F12048E2E4653520023D2FE /* ScalablePackageNavigationTests */ = {
			isa = PBXFileSystemSynchronizedRootGroup;
			path = ScalablePackageNavigationTests;
			sourceTree = "<group>";
		};
		4FC6A4DE2E4628C50034244F /* ScalablePackageNavigation */ = {
			isa = PBXFileSystemSynchronizedRootGroup;
			path = ScalablePackageNavigation;
			sourceTree = "<group>";
		};
/* End PBXFileSystemSynchronizedRootGroup section */

/* Begin PBXFrameworksBuildPhase section */
		4F12048A2E4653520023D2FE /* Frameworks */ = {
			isa = PBXFrameworksBuildPhase;
			buildActionMask = 2147483647;
			files = (
			);
			runOnlyForDeploymentPostprocessing = 0;
		};
		4FC6A4D92E4628C50034244F /* Frameworks */ = {
			isa = PBXFrameworksBuildPhase;
			buildActionMask = 2147483647;
			files = (
				4F381BEB2E4648FF006B6CDA /* AppRouter in Frameworks */,
				4FC6A5072E463C0E0034244F /* OrderSummaryPackage in Frameworks */,
				4FC6A50A2E463C140034244F /* CartPackage in Frameworks */,
			);
			runOnlyForDeploymentPostprocessing = 0;
		};
/* End PBXFrameworksBuildPhase section */

/* Begin PBXGroup section */
		4FC6A4D32E4628C50034244F = {
			isa = PBXGroup;
			children = (
				4FC6A4DE2E4628C50034244F /* ScalablePackageNavigation */,
				4F12048E2E4653520023D2FE /* ScalablePackageNavigationTests */,
				4FC6A4DD2E4628C50034244F /* Products */,
			);
			sourceTree = "<group>";
		};
		4FC6A4DD2E4628C50034244F /* Products */ = {
			isa = PBXGroup;
			children = (
				4FC6A4DC2E4628C50034244F /* ScalablePackageNavigation.app */,
				4F12048D2E4653520023D2FE /* ScalablePackageNavigationTests.xctest */,
			);
			name = Products;
			sourceTree = "<group>";
		};
/* End PBXGroup section */

/* Begin PBXNativeTarget section */
		4F12048C2E4653520023D2FE /* ScalablePackageNavigationTests */ = {
			isa = PBXNativeTarget;
			buildConfigurationList = 4F1204952E4653520023D2FE /* Build configuration list for PBXNativeTarget "ScalablePackageNavigationTests" */;
			buildPhases = (
				4F1204892E4653520023D2FE /* Sources */,
				4F12048A2E4653520023D2FE /* Frameworks */,
				4F12048B2E4653520023D2FE /* Resources */,
			);
			buildRules = (
			);
			dependencies = (
				4F1204922E4653520023D2FE /* PBXTargetDependency */,
			);
			fileSystemSynchronizedGroups = (
				4F12048E2E4653520023D2FE /* ScalablePackageNavigationTests */,
			);
			name = ScalablePackageNavigationTests;
			packageProductDependencies = (
			);
			productName = ScalablePackageNavigationTests;
			productReference = 4F12048D2E4653520023D2FE /* ScalablePackageNavigationTests.xctest */;
			productType = "com.apple.product-type.bundle.unit-test";
		};
		4FC6A4DB2E4628C50034244F /* ScalablePackageNavigation */ = {
			isa = PBXNativeTarget;
			buildConfigurationList = 4FC6A4E72E4628C70034244F /* Build configuration list for PBXNativeTarget "ScalablePackageNavigation" */;
			buildPhases = (
				4FC6A4D82E4628C50034244F /* Sources */,
				4FC6A4D92E4628C50034244F /* Frameworks */,
				4FC6A4DA2E4628C50034244F /* Resources */,
			);
			buildRules = (
			);
			dependencies = (
			);
			fileSystemSynchronizedGroups = (
				4FC6A4DE2E4628C50034244F /* ScalablePackageNavigation */,
			);
			name = ScalablePackageNavigation;
			packageProductDependencies = (
				4FC6A5062E463C0E0034244F /* OrderSummaryPackage */,
				4FC6A5092E463C140034244F /* CartPackage */,
				4F381BEA2E4648FF006B6CDA /* AppRouter */,
			);
			productName = ScalablePackageNavigation;
			productReference = 4FC6A4DC2E4628C50034244F /* ScalablePackageNavigation.app */;
			productType = "com.apple.product-type.application";
		};
/* End PBXNativeTarget section */

/* Begin PBXProject section */
		4FC6A4D42E4628C50034244F /* Project object */ = {
			isa = PBXProject;
			attributes = {
				BuildIndependentTargetsInParallel = 1;
				LastSwiftUpdateCheck = 2600;
				LastUpgradeCheck = 2600;
				TargetAttributes = {
					4F12048C2E4653520023D2FE = {
						CreatedOnToolsVersion = 26.0;
						TestTargetID = 4FC6A4DB2E4628C50034244F;
					};
					4FC6A4DB2E4628C50034244F = {
						CreatedOnToolsVersion = 26.0;
						LastSwiftMigration = 2600;
					};
				};
			};
			buildConfigurationList = 4FC6A4D72E4628C50034244F /* Build configuration list for PBXProject "ScalablePackageNavigation" */;
			developmentRegion = en;
			hasScannedForEncodings = 0;
			knownRegions = (
				en,
				Base,
			);
			mainGroup = 4FC6A4D32E4628C50034244F;
			minimizedProjectReferenceProxies = 1;
			packageReferences = (
				4FC6A5052E463C0E0034244F /* XCLocalSwiftPackageReference "OrderSummaryPackage" */,
				4FC6A5082E463C140034244F /* XCLocalSwiftPackageReference "CartPackage" */,
				4F381BE92E4648FF006B6CDA /* XCLocalSwiftPackageReference "AppRouter" */,
			);
			preferredProjectObjectVersion = 77;
			productRefGroup = 4FC6A4DD2E4628C50034244F /* Products */;
			projectDirPath = "";
			projectRoot = "";
			targets = (
				4FC6A4DB2E4628C50034244F /* ScalablePackageNavigation */,
				4F12048C2E4653520023D2FE /* ScalablePackageNavigationTests */,
			);
		};
/* End PBXProject section */

/* Begin PBXResourcesBuildPhase section */
		4F12048B2E4653520023D2FE /* Resources */ = {
			isa = PBXResourcesBuildPhase;
			buildActionMask = 2147483647;
			files = (
			);
			runOnlyForDeploymentPostprocessing = 0;
		};
		4FC6A4DA2E4628C50034244F /* Resources */ = {
			isa = PBXResourcesBuildPhase;
			buildActionMask = 2147483647;
			files = (
			);
			runOnlyForDeploymentPostprocessing = 0;
		};
/* End PBXResourcesBuildPhase section */

/* Begin PBXSourcesBuildPhase section */
		4F1204892E4653520023D2FE /* Sources */ = {
			isa = PBXSourcesBuildPhase;
			buildActionMask = 2147483647;
			files = (
			);
			runOnlyForDeploymentPostprocessing = 0;
		};
		4FC6A4D82E4628C50034244F /* Sources */ = {
			isa = PBXSourcesBuildPhase;
			buildActionMask = 2147483647;
			files = (
			);
			runOnlyForDeploymentPostprocessing = 0;
		};
/* End PBXSourcesBuildPhase section */

/* Begin PBXTargetDependency section */
		4F1204922E4653520023D2FE /* PBXTargetDependency */ = {
			isa = PBXTargetDependency;
			target = 4FC6A4DB2E4628C50034244F /* ScalablePackageNavigation */;
			targetProxy = 4F1204912E4653520023D2FE /* PBXContainerItemProxy */;
		};
/* End PBXTargetDependency section */

/* Begin XCBuildConfiguration section */
		4F1204932E4653520023D2FE /* Debug */ = {
			isa = XCBuildConfiguration;
			buildSettings = {
				BUNDLE_LOADER = "$(TEST_HOST)";
				CODE_SIGN_STYLE = Automatic;
				CURRENT_PROJECT_VERSION = 1;
				GENERATE_INFOPLIST_FILE = YES;
				MARKETING_VERSION = 1.0;
				PRODUCT_BUNDLE_IDENTIFIER = com.janesh.ScalablePackageNavigation.ScalablePackageNavigationTests;
				PRODUCT_NAME = "$(TARGET_NAME)";
				STRING_CATALOG_GENERATE_SYMBOLS = NO;
				SWIFT_APPROACHABLE_CONCURRENCY = YES;
				SWIFT_EMIT_LOC_STRINGS = NO;
				SWIFT_UPCOMING_FEATURE_MEMBER_IMPORT_VISIBILITY = YES;
				SWIFT_VERSION = 5.0;
				TARGETED_DEVICE_FAMILY = "1,2";
				TEST_HOST = "$(BUILT_PRODUCTS_DIR)/ScalablePackageNavigation.app/$(BUNDLE_EXECUTABLE_FOLDER_PATH)/ScalablePackageNavigation";
			};
			name = Debug;
		};
		4F1204942E4653520023D2FE /* Release */ = {
			isa = XCBuildConfiguration;
			buildSettings = {
				BUNDLE_LOADER = "$(TEST_HOST)";
				CODE_SIGN_STYLE = Automatic;
				CURRENT_PROJECT_VERSION = 1;
				GENERATE_INFOPLIST_FILE = YES;
				MARKETING_VERSION = 1.0;
				PRODUCT_BUNDLE_IDENTIFIER = com.janesh.ScalablePackageNavigation.ScalablePackageNavigationTests;
				PRODUCT_NAME = "$(TARGET_NAME)";
				STRING_CATALOG_GENERATE_SYMBOLS = NO;
				SWIFT_APPROACHABLE_CONCURRENCY = YES;
				SWIFT_EMIT_LOC_STRINGS = NO;
				SWIFT_UPCOMING_FEATURE_MEMBER_IMPORT_VISIBILITY = YES;
				SWIFT_VERSION = 5.0;
				TARGETED_DEVICE_FAMILY = "1,2";
				TEST_HOST = "$(BUILT_PRODUCTS_DIR)/ScalablePackageNavigation.app/$(BUNDLE_EXECUTABLE_FOLDER_PATH)/ScalablePackageNavigation";
			};
			name = Release;
		};
		4FC6A4E52E4628C70034244F /* Debug */ = {
			isa = XCBuildConfiguration;
			buildSettings = {
				ALWAYS_SEARCH_USER_PATHS = NO;
				ASSETCATALOG_COMPILER_GENERATE_SWIFT_ASSET_SYMBOL_EXTENSIONS = YES;
				CLANG_ANALYZER_NONNULL = YES;
				CLANG_ANALYZER_NUMBER_OBJECT_CONVERSION = YES_AGGRESSIVE;
				CLANG_CXX_LANGUAGE_STANDARD = "gnu++20";
				CLANG_ENABLE_MODULES = YES;
				CLANG_ENABLE_OBJC_ARC = YES;
				CLANG_ENABLE_OBJC_WEAK = YES;
				CLANG_WARN_BLOCK_CAPTURE_AUTORELEASING = YES;
				CLANG_WARN_BOOL_CONVERSION = YES;
				CLANG_WARN_COMMA = YES;
				CLANG_WARN_CONSTANT_CONVERSION = YES;
				CLANG_WARN_DEPRECATED_OBJC_IMPLEMENTATIONS = YES;
				CLANG_WARN_DIRECT_OBJC_ISA_USAGE = YES_ERROR;
				CLANG_WARN_DOCUMENTATION_COMMENTS = YES;
				CLANG_WARN_EMPTY_BODY = YES;
				CLANG_WARN_ENUM_CONVERSION = YES;
				CLANG_WARN_INFINITE_RECURSION = YES;
				CLANG_WARN_INT_CONVERSION = YES;
				CLANG_WARN_NON_LITERAL_NULL_CONVERSION = YES;
				CLANG_WARN_OBJC_IMPLICIT_RETAIN_SELF = YES;
				CLANG_WARN_OBJC_LITERAL_CONVERSION = YES;
				CLANG_WARN_OBJC_ROOT_CLASS = YES_ERROR;
				CLANG_WARN_QUOTED_INCLUDE_IN_FRAMEWORK_HEADER = YES;
				CLANG_WARN_RANGE_LOOP_ANALYSIS = YES;
				CLANG_WARN_STRICT_PROTOTYPES = YES;
				CLANG_WARN_SUSPICIOUS_MOVE = YES;
				CLANG_WARN_UNGUARDED_AVAILABILITY = YES_AGGRESSIVE;
				CLANG_WARN_UNREACHABLE_CODE = YES;
				CLANG_WARN__DUPLICATE_METHOD_MATCH = YES;
				COPY_PHASE_STRIP = NO;
				DEBUG_INFORMATION_FORMAT = dwarf;
				ENABLE_STRICT_OBJC_MSGSEND = YES;
				ENABLE_TESTABILITY = YES;
				ENABLE_USER_SCRIPT_SANDBOXING = YES;
				GCC_C_LANGUAGE_STANDARD = gnu17;
				GCC_DYNAMIC_NO_PIC = NO;
				GCC_NO_COMMON_BLOCKS = YES;
				GCC_OPTIMIZATION_LEVEL = 0;
				GCC_PREPROCESSOR_DEFINITIONS = (
					"DEBUG=1",
					"$(inherited)",
				);
				GCC_WARN_64_TO_32_BIT_CONVERSION = YES;
				GCC_WARN_ABOUT_RETURN_TYPE = YES_ERROR;
				GCC_WARN_UNDECLARED_SELECTOR = YES;
				GCC_WARN_UNINITIALIZED_AUTOS = YES_AGGRESSIVE;
				GCC_WARN_UNUSED_FUNCTION = YES;
				GCC_WARN_UNUSED_VARIABLE = YES;
				IPHONEOS_DEPLOYMENT_TARGET = 26.0;
				LOCALIZATION_PREFERS_STRING_CATALOGS = YES;
				MTL_ENABLE_DEBUG_INFO = INCLUDE_SOURCE;
				MTL_FAST_MATH = YES;
				ONLY_ACTIVE_ARCH = YES;
				SDKROOT = iphoneos;
				SWIFT_ACTIVE_COMPILATION_CONDITIONS = "DEBUG $(inherited)";
				SWIFT_OPTIMIZATION_LEVEL = "-Onone";
				SWIFT_VERSION = 6.0;
			};
			name = Debug;
		};
		4FC6A4E62E4628C70034244F /* Release */ = {
			isa = XCBuildConfiguration;
			buildSettings = {
				ALWAYS_SEARCH_USER_PATHS = NO;
				ASSETCATALOG_COMPILER_GENERATE_SWIFT_ASSET_SYMBOL_EXTENSIONS = YES;
				CLANG_ANALYZER_NONNULL = YES;
				CLANG_ANALYZER_NUMBER_OBJECT_CONVERSION = YES_AGGRESSIVE;
				CLANG_CXX_LANGUAGE_STANDARD = "gnu++20";
				CLANG_ENABLE_MODULES = YES;
				CLANG_ENABLE_OBJC_ARC = YES;
				CLANG_ENABLE_OBJC_WEAK = YES;
				CLANG_WARN_BLOCK_CAPTURE_AUTORELEASING = YES;
				CLANG_WARN_BOOL_CONVERSION = YES;
				CLANG_WARN_COMMA = YES;
				CLANG_WARN_CONSTANT_CONVERSION = YES;
				CLANG_WARN_DEPRECATED_OBJC_IMPLEMENTATIONS = YES;
				CLANG_WARN_DIRECT_OBJC_ISA_USAGE = YES_ERROR;
				CLANG_WARN_DOCUMENTATION_COMMENTS = YES;
				CLANG_WARN_EMPTY_BODY = YES;
				CLANG_WARN_ENUM_CONVERSION = YES;
				CLANG_WARN_INFINITE_RECURSION = YES;
				CLANG_WARN_INT_CONVERSION = YES;
				CLANG_WARN_NON_LITERAL_NULL_CONVERSION = YES;
				CLANG_WARN_OBJC_IMPLICIT_RETAIN_SELF = YES;
				CLANG_WARN_OBJC_LITERAL_CONVERSION = YES;
				CLANG_WARN_OBJC_ROOT_CLASS = YES_ERROR;
				CLANG_WARN_QUOTED_INCLUDE_IN_FRAMEWORK_HEADER = YES;
				CLANG_WARN_RANGE_LOOP_ANALYSIS = YES;
				CLANG_WARN_STRICT_PROTOTYPES = YES;
				CLANG_WARN_SUSPICIOUS_MOVE = YES;
				CLANG_WARN_UNGUARDED_AVAILABILITY = YES_AGGRESSIVE;
				CLANG_WARN_UNREACHABLE_CODE = YES;
				CLANG_WARN__DUPLICATE_METHOD_MATCH = YES;
				COPY_PHASE_STRIP = NO;
				DEBUG_INFORMATION_FORMAT = "dwarf-with-dsym";
				ENABLE_NS_ASSERTIONS = NO;
				ENABLE_STRICT_OBJC_MSGSEND = YES;
				ENABLE_USER_SCRIPT_SANDBOXING = YES;
				GCC_C_LANGUAGE_STANDARD = gnu17;
				GCC_NO_COMMON_BLOCKS = YES;
				GCC_WARN_64_TO_32_BIT_CONVERSION = YES;
				GCC_WARN_ABOUT_RETURN_TYPE = YES_ERROR;
				GCC_WARN_UNDECLARED_SELECTOR = YES;
				GCC_WARN_UNINITIALIZED_AUTOS = YES_AGGRESSIVE;
				GCC_WARN_UNUSED_FUNCTION = YES;
				GCC_WARN_UNUSED_VARIABLE = YES;
				IPHONEOS_DEPLOYMENT_TARGET = 26.0;
				LOCALIZATION_PREFERS_STRING_CATALOGS = YES;
				MTL_ENABLE_DEBUG_INFO = NO;
				MTL_FAST_MATH = YES;
				SDKROOT = iphoneos;
				SWIFT_COMPILATION_MODE = wholemodule;
				SWIFT_VERSION = 6.0;
				VALIDATE_PRODUCT = YES;
			};
			name = Release;
		};
		4FC6A4E82E4628C70034244F /* Debug */ = {
			isa = XCBuildConfiguration;
			buildSettings = {
				ASSETCATALOG_COMPILER_APPICON_NAME = AppIcon;
				ASSETCATALOG_COMPILER_GLOBAL_ACCENT_COLOR_NAME = AccentColor;
				CLANG_ENABLE_MODULES = YES;
				CODE_SIGN_STYLE = Automatic;
				CURRENT_PROJECT_VERSION = 1;
				ENABLE_PREVIEWS = YES;
				GENERATE_INFOPLIST_FILE = YES;
				INFOPLIST_KEY_UIApplicationSceneManifest_Generation = YES;
				INFOPLIST_KEY_UIApplicationSupportsIndirectInputEvents = YES;
				INFOPLIST_KEY_UILaunchScreen_Generation = YES;
				INFOPLIST_KEY_UISupportedInterfaceOrientations_iPad = "UIInterfaceOrientationPortrait UIInterfaceOrientationPortraitUpsideDown UIInterfaceOrientationLandscapeLeft UIInterfaceOrientationLandscapeRight";
				INFOPLIST_KEY_UISupportedInterfaceOrientations_iPhone = "UIInterfaceOrientationPortrait UIInterfaceOrientationLandscapeLeft UIInterfaceOrientationLandscapeRight";
				LD_RUNPATH_SEARCH_PATHS = (
					"$(inherited)",
					"@executable_path/Frameworks",
				);
				MARKETING_VERSION = 1.0;
				PRODUCT_BUNDLE_IDENTIFIER = com.janesh.ScalablePackageNavigation.ScalablePackageNavigation;
				PRODUCT_NAME = "$(TARGET_NAME)";
				STRING_CATALOG_GENERATE_SYMBOLS = YES;
				SUPPORTED_PLATFORMS = "iphoneos iphonesimulator";
				SUPPORTS_MACCATALYST = NO;
				SUPPORTS_MAC_DESIGNED_FOR_IPHONE_IPAD = NO;
				SUPPORTS_XR_DESIGNED_FOR_IPHONE_IPAD = NO;
				SWIFT_APPROACHABLE_CONCURRENCY = YES;
				SWIFT_DEFAULT_ACTOR_ISOLATION = MainActor;
				SWIFT_EMIT_LOC_STRINGS = YES;
				SWIFT_OBJC_BRIDGING_HEADER = "ScalablePackageNavigation/AppViews/ScalablePackageNavigation-Bridging-Header.h";
				SWIFT_OPTIMIZATION_LEVEL = "-Onone";
				SWIFT_UPCOMING_FEATURE_MEMBER_IMPORT_VISIBILITY = YES;
				SWIFT_VERSION = 6.0;
				TARGETED_DEVICE_FAMILY = 1;
			};
			name = Debug;
		};
		4FC6A4E92E4628C70034244F /* Release */ = {
			isa = XCBuildConfiguration;
			buildSettings = {
				ASSETCATALOG_COMPILER_APPICON_NAME = AppIcon;
				ASSETCATALOG_COMPILER_GLOBAL_ACCENT_COLOR_NAME = AccentColor;
				CLANG_ENABLE_MODULES = YES;
				CODE_SIGN_STYLE = Automatic;
				CURRENT_PROJECT_VERSION = 1;
				ENABLE_PREVIEWS = YES;
				GENERATE_INFOPLIST_FILE = YES;
				INFOPLIST_KEY_UIApplicationSceneManifest_Generation = YES;
				INFOPLIST_KEY_UIApplicationSupportsIndirectInputEvents = YES;
				INFOPLIST_KEY_UILaunchScreen_Generation = YES;
				INFOPLIST_KEY_UISupportedInterfaceOrientations_iPad = "UIInterfaceOrientationPortrait UIInterfaceOrientationPortraitUpsideDown UIInterfaceOrientationLandscapeLeft UIInterfaceOrientationLandscapeRight";
				INFOPLIST_KEY_UISupportedInterfaceOrientations_iPhone = "UIInterfaceOrientationPortrait UIInterfaceOrientationLandscapeLeft UIInterfaceOrientationLandscapeRight";
				LD_RUNPATH_SEARCH_PATHS = (
					"$(inherited)",
					"@executable_path/Frameworks",
				);
				MARKETING_VERSION = 1.0;
				PRODUCT_BUNDLE_IDENTIFIER = com.janesh.ScalablePackageNavigation.ScalablePackageNavigation;
				PRODUCT_NAME = "$(TARGET_NAME)";
				STRING_CATALOG_GENERATE_SYMBOLS = YES;
				SUPPORTED_PLATFORMS = "iphoneos iphonesimulator";
				SUPPORTS_MACCATALYST = NO;
				SUPPORTS_MAC_DESIGNED_FOR_IPHONE_IPAD = NO;
				SUPPORTS_XR_DESIGNED_FOR_IPHONE_IPAD = NO;
				SWIFT_APPROACHABLE_CONCURRENCY = YES;
				SWIFT_DEFAULT_ACTOR_ISOLATION = MainActor;
				SWIFT_EMIT_LOC_STRINGS = YES;
				SWIFT_OBJC_BRIDGING_HEADER = "ScalablePackageNavigation/AppViews/ScalablePackageNavigation-Bridging-Header.h";
				SWIFT_UPCOMING_FEATURE_MEMBER_IMPORT_VISIBILITY = YES;
				SWIFT_VERSION = 6.0;
				TARGETED_DEVICE_FAMILY = 1;
			};
			name = Release;
		};
/* End XCBuildConfiguration section */

/* Begin XCConfigurationList section */
		4F1204952E4653520023D2FE /* Build configuration list for PBXNativeTarget "ScalablePackageNavigationTests" */ = {
			isa = XCConfigurationList;
			buildConfigurations = (
				4F1204932E4653520023D2FE /* Debug */,
				4F1204942E4653520023D2FE /* Release */,
			);
			defaultConfigurationIsVisible = 0;
			defaultConfigurationName = Release;
		};
		4FC6A4D72E4628C50034244F /* Build configuration list for PBXProject "ScalablePackageNavigation" */ = {
			isa = XCConfigurationList;
			buildConfigurations = (
				4FC6A4E52E4628C70034244F /* Debug */,
				4FC6A4E62E4628C70034244F /* Release */,
			);
			defaultConfigurationIsVisible = 0;
			defaultConfigurationName = Release;
		};
		4FC6A4E72E4628C70034244F /* Build configuration list for PBXNativeTarget "ScalablePackageNavigation" */ = {
			isa = XCConfigurationList;
			buildConfigurations = (
				4FC6A4E82E4628C70034244F /* Debug */,
				4FC6A4E92E4628C70034244F /* Release */,
			);
			defaultConfigurationIsVisible = 0;
			defaultConfigurationName = Release;
		};
/* End XCConfigurationList section */

/* Begin XCLocalSwiftPackageReference section */
		4F381BE92E4648FF006B6CDA /* XCLocalSwiftPackageReference "AppRouter" */ = {
			isa = XCLocalSwiftPackageReference;
			relativePath = AppRouter;
		};
		4FC6A5052E463C0E0034244F /* XCLocalSwiftPackageReference "OrderSummaryPackage" */ = {
			isa = XCLocalSwiftPackageReference;
			relativePath = OrderSummaryPackage;
		};
		4FC6A5082E463C140034244F /* XCLocalSwiftPackageReference "CartPackage" */ = {
			isa = XCLocalSwiftPackageReference;
			relativePath = CartPackage;
		};
/* End XCLocalSwiftPackageReference section */

/* Begin XCSwiftPackageProductDependency section */
		4F381BEA2E4648FF006B6CDA /* AppRouter */ = {
			isa = XCSwiftPackageProductDependency;
			productName = AppRouter;
		};
		4FC6A5062E463C0E0034244F /* OrderSummaryPackage */ = {
			isa = XCSwiftPackageProductDependency;
			productName = OrderSummaryPackage;
		};
		4FC6A5092E463C140034244F /* CartPackage */ = {
			isa = XCSwiftPackageProductDependency;
			productName = CartPackage;
		};
/* End XCSwiftPackageProductDependency section */
	};
	rootObject = 4FC6A4D42E4628C50034244F /* Project object */;
}
