// !$*UTF8*$!
{
	archiveVersion = 1;
	classes = {
	};
	objectVersion = 56;
	objects = {

/* Begin PBXBuildFile section */
		072EEEAF2E1E8CE40007B3A4 /* SearchViewUsingCombine.swift in Sources */ = {isa = PBXBuildFile; fileRef = 072EEEAE2E1E8CE40007B3A4 /* SearchViewUsingCombine.swift */; };
		072EEEC42E1E98DA0007B3A4 /* DataTaskPublisher.swift in Sources */ = {isa = PBXBuildFile; fileRef = 072EEEC32E1E98DA0007B3A4 /* DataTaskPublisher.swift */; };
		102329BE2E1EC5B100ABFEA1 /* LoginView.swift in Sources */ = {isa = PBXBuildFile; fileRef = 102329BD2E1EC5B100ABFEA1 /* LoginView.swift */; };
		107A5D2D2E1D4252004C4BE6 /* SchoolApp.swift in Sources */ = {isa = PBXBuildFile; fileRef = 107A5D2C2E1D4252004C4BE6 /* SchoolApp.swift */; };
		1099980E2E24DAA600A8A3C9 /* main.swift in Sources */ = {isa = PBXBuildFile; fileRef = 1099980D2E24DAA600A8A3C9 /* main.swift */; };
		109998132E252E7400A8A3C9 /* FlatMapVsSwitchToLatest1.swift in Sources */ = {isa = PBXBuildFile; fileRef = 109998122E252E7400A8A3C9 /* FlatMapVsSwitchToLatest1.swift */; };
		109998152E25444C00A8A3C9 /* FlatMapVsSwitchToLatest2.swift in Sources */ = {isa = PBXBuildFile; fileRef = 109998142E25444C00A8A3C9 /* FlatMapVsSwitchToLatest2.swift */; };
		10AB453D2DD24B7B00967614 /* SwiftUIExamplesApp.swift in Sources */ = {isa = PBXBuildFile; fileRef = 10AB453C2DD24B7B00967614 /* SwiftUIExamplesApp.swift */; };
		10AB453F2DD24B7B00967614 /* StateExample.swift in Sources */ = {isa = PBXBuildFile; fileRef = 10AB453E2DD24B7B00967614 /* StateExample.swift */; };
		10AB45412DD24B7D00967614 /* Assets.xcassets in Resources */ = {isa = PBXBuildFile; fileRef = 10AB45402DD24B7D00967614 /* Assets.xcassets */; };
		10AB45442DD24B7D00967614 /* Preview Assets.xcassets in Resources */ = {isa = PBXBuildFile; fileRef = 10AB45432DD24B7D00967614 /* Preview Assets.xcassets */; };
		10AB454B2DD257A100967614 /* BindingExample.swift in Sources */ = {isa = PBXBuildFile; fileRef = 10AB454A2DD257A100967614 /* BindingExample.swift */; };
/* End PBXBuildFile section */

/* Begin PBXCopyFilesBuildPhase section */
		109998092E24DAA600A8A3C9 /* CopyFiles */ = {
			isa = PBXCopyFilesBuildPhase;
			buildActionMask = 2147483647;
			dstPath = /usr/share/man/man1/;
			dstSubfolderSpec = 0;
			files = (
			);
			runOnlyForDeploymentPostprocessing = 1;
		};
/* End PBXCopyFilesBuildPhase section */

/* Begin PBXFileReference section */
		072EEEAE2E1E8CE40007B3A4 /* SearchViewUsingCombine.swift */ = {isa = PBXFileReference; lastKnownFileType = sourcecode.swift; path = SearchViewUsingCombine.swift; sourceTree = "<group>"; };
		072EEEC32E1E98DA0007B3A4 /* DataTaskPublisher.swift */ = {isa = PBXFileReference; lastKnownFileType = sourcecode.swift; path = DataTaskPublisher.swift; sourceTree = "<group>"; };
		102329BD2E1EC5B100ABFEA1 /* LoginView.swift */ = {isa = PBXFileReference; lastKnownFileType = sourcecode.swift; path = LoginView.swift; sourceTree = "<group>"; };
		107A5D2C2E1D4252004C4BE6 /* SchoolApp.swift */ = {isa = PBXFileReference; lastKnownFileType = sourcecode.swift; path = SchoolApp.swift; sourceTree = "<group>"; };
		1099980B2E24DAA600A8A3C9 /* SwiftUI-CommandLineTool */ = {isa = PBXFileReference; explicitFileType = "compiled.mach-o.executable"; includeInIndex = 0; path = "SwiftUI-CommandLineTool"; sourceTree = BUILT_PRODUCTS_DIR; };
		1099980D2E24DAA600A8A3C9 /* main.swift */ = {isa = PBXFileReference; lastKnownFileType = sourcecode.swift; path = main.swift; sourceTree = "<group>"; };
		109998122E252E7400A8A3C9 /* FlatMapVsSwitchToLatest1.swift */ = {isa = PBXFileReference; lastKnownFileType = sourcecode.swift; path = FlatMapVsSwitchToLatest1.swift; sourceTree = "<group>"; };
		109998142E25444C00A8A3C9 /* FlatMapVsSwitchToLatest2.swift */ = {isa = PBXFileReference; lastKnownFileType = sourcecode.swift; path = FlatMapVsSwitchToLatest2.swift; sourceTree = "<group>"; };
		10AB45392DD24B7B00967614 /* SwiftUIExamples.app */ = {isa = PBXFileReference; explicitFileType = wrapper.application; includeInIndex = 0; path = SwiftUIExamples.app; sourceTree = BUILT_PRODUCTS_DIR; };
		10AB453C2DD24B7B00967614 /* SwiftUIExamplesApp.swift */ = {isa = PBXFileReference; lastKnownFileType = sourcecode.swift; path = SwiftUIExamplesApp.swift; sourceTree = "<group>"; };
		10AB453E2DD24B7B00967614 /* StateExample.swift */ = {isa = PBXFileReference; lastKnownFileType = sourcecode.swift; path = StateExample.swift; sourceTree = "<group>"; };
		10AB45402DD24B7D00967614 /* Assets.xcassets */ = {isa = PBXFileReference; lastKnownFileType = folder.assetcatalog; path = Assets.xcassets; sourceTree = "<group>"; };
		10AB45432DD24B7D00967614 /* Preview Assets.xcassets */ = {isa = PBXFileReference; lastKnownFileType = folder.assetcatalog; path = "Preview Assets.xcassets"; sourceTree = "<group>"; };
		10AB454A2DD257A100967614 /* BindingExample.swift */ = {isa = PBXFileReference; lastKnownFileType = sourcecode.swift; path = BindingExample.swift; sourceTree = "<group>"; };
/* End PBXFileReference section */

/* Begin PBXFrameworksBuildPhase section */
		109998082E24DAA600A8A3C9 /* Frameworks */ = {
			isa = PBXFrameworksBuildPhase;
			buildActionMask = 2147483647;
			files = (
			);
			runOnlyForDeploymentPostprocessing = 0;
		};
		10AB45362DD24B7B00967614 /* Frameworks */ = {
			isa = PBXFrameworksBuildPhase;
			buildActionMask = 2147483647;
			files = (
			);
			runOnlyForDeploymentPostprocessing = 0;
		};
/* End PBXFrameworksBuildPhase section */

/* Begin PBXGroup section */
		072EEEAD2E1E8CD10007B3A4 /* Combine */ = {
			isa = PBXGroup;
			children = (
				072EEEAE2E1E8CE40007B3A4 /* SearchViewUsingCombine.swift */,
				072EEEC32E1E98DA0007B3A4 /* DataTaskPublisher.swift */,
				102329BD2E1EC5B100ABFEA1 /* LoginView.swift */,
				109998122E252E7400A8A3C9 /* FlatMapVsSwitchToLatest1.swift */,
				109998142E25444C00A8A3C9 /* FlatMapVsSwitchToLatest2.swift */,
			);
			path = Combine;
			sourceTree = "<group>";
		};
		1099980C2E24DAA600A8A3C9 /* SwiftUI-CommandLineTool */ = {
			isa = PBXGroup;
			children = (
				1099980D2E24DAA600A8A3C9 /* main.swift */,
			);
			path = "SwiftUI-CommandLineTool";
			sourceTree = "<group>";
		};
		10AB45302DD24B7B00967614 = {
			isa = PBXGroup;
			children = (
				10AB453B2DD24B7B00967614 /* SwiftUIExamples */,
				1099980C2E24DAA600A8A3C9 /* SwiftUI-CommandLineTool */,
				10AB453A2DD24B7B00967614 /* Products */,
			);
			sourceTree = "<group>";
		};
		10AB453A2DD24B7B00967614 /* Products */ = {
			isa = PBXGroup;
			children = (
				10AB45392DD24B7B00967614 /* SwiftUIExamples.app */,
				1099980B2E24DAA600A8A3C9 /* SwiftUI-CommandLineTool */,
			);
			name = Products;
			sourceTree = "<group>";
		};
		10AB453B2DD24B7B00967614 /* SwiftUIExamples */ = {
			isa = PBXGroup;
			children = (
				10AB453C2DD24B7B00967614 /* SwiftUIExamplesApp.swift */,
				072EEEAD2E1E8CD10007B3A4 /* Combine */,
				10B45EDB2E1C2C1A00D4FD30 /* EnviromentObjectLearning */,
				10AB453E2DD24B7B00967614 /* StateExample.swift */,
				10AB454A2DD257A100967614 /* BindingExample.swift */,
				10AB45402DD24B7D00967614 /* Assets.xcassets */,
				10AB45422DD24B7D00967614 /* Preview Content */,
			);
			path = SwiftUIExamples;
			sourceTree = "<group>";
		};
		10AB45422DD24B7D00967614 /* Preview Content */ = {
			isa = PBXGroup;
			children = (
				10AB45432DD24B7D00967614 /* Preview Assets.xcassets */,
			);
			path = "Preview Content";
			sourceTree = "<group>";
		};
		10B45EDB2E1C2C1A00D4FD30 /* EnviromentObjectLearning */ = {
			isa = PBXGroup;
			children = (
				107A5D2C2E1D4252004C4BE6 /* SchoolApp.swift */,
			);
			path = EnviromentObjectLearning;
			sourceTree = "<group>";
		};
/* End PBXGroup section */

/* Begin PBXNativeTarget section */
		1099980A2E24DAA600A8A3C9 /* SwiftUI-CommandLineTool */ = {
			isa = PBXNativeTarget;
			buildConfigurationList = 109998112E24DAA600A8A3C9 /* Build configuration list for PBXNativeTarget "SwiftUI-CommandLineTool" */;
			buildPhases = (
				109998072E24DAA600A8A3C9 /* Sources */,
				109998082E24DAA600A8A3C9 /* Frameworks */,
				109998092E24DAA600A8A3C9 /* CopyFiles */,
			);
			buildRules = (
			);
			dependencies = (
			);
			name = "SwiftUI-CommandLineTool";
			productName = "SwiftUI-CommandLineTool";
			productReference = 1099980B2E24DAA600A8A3C9 /* SwiftUI-CommandLineTool */;
			productType = "com.apple.product-type.tool";
		};
		10AB45382DD24B7B00967614 /* SwiftUIExamples */ = {
			isa = PBXNativeTarget;
			buildConfigurationList = 10AB45472DD24B7D00967614 /* Build configuration list for PBXNativeTarget "SwiftUIExamples" */;
			buildPhases = (
				10AB45352DD24B7B00967614 /* Sources */,
				10AB45362DD24B7B00967614 /* Frameworks */,
				10AB45372DD24B7B00967614 /* Resources */,
			);
			buildRules = (
			);
			dependencies = (
			);
			name = SwiftUIExamples;
			productName = SwiftUIExamples;
			productReference = 10AB45392DD24B7B00967614 /* SwiftUIExamples.app */;
			productType = "com.apple.product-type.application";
		};
/* End PBXNativeTarget section */

/* Begin PBXProject section */
		10AB45312DD24B7B00967614 /* Project object */ = {
			isa = PBXProject;
			attributes = {
				BuildIndependentTargetsInParallel = 1;
				LastSwiftUpdateCheck = 1520;
				LastUpgradeCheck = 1520;
				TargetAttributes = {
					1099980A2E24DAA600A8A3C9 = {
						CreatedOnToolsVersion = 15.2;
					};
					10AB45382DD24B7B00967614 = {
						CreatedOnToolsVersion = 15.2;
					};
				};
			};
			buildConfigurationList = 10AB45342DD24B7B00967614 /* Build configuration list for PBXProject "SwiftUIExamples" */;
			compatibilityVersion = "Xcode 14.0";
			developmentRegion = en;
			hasScannedForEncodings = 0;
			knownRegions = (
				en,
				Base,
			);
			mainGroup = 10AB45302DD24B7B00967614;
			productRefGroup = 10AB453A2DD24B7B00967614 /* Products */;
			projectDirPath = "";
			projectRoot = "";
			targets = (
				10AB45382DD24B7B00967614 /* SwiftUIExamples */,
				1099980A2E24DAA600A8A3C9 /* SwiftUI-CommandLineTool */,
			);
		};
/* End PBXProject section */

/* Begin PBXResourcesBuildPhase section */
		10AB45372DD24B7B00967614 /* Resources */ = {
			isa = PBXResourcesBuildPhase;
			buildActionMask = 2147483647;
			files = (
				10AB45442DD24B7D00967614 /* Preview Assets.xcassets in Resources */,
				10AB45412DD24B7D00967614 /* Assets.xcassets in Resources */,
			);
			runOnlyForDeploymentPostprocessing = 0;
		};
/* End PBXResourcesBuildPhase section */

/* Begin PBXSourcesBuildPhase section */
		109998072E24DAA600A8A3C9 /* Sources */ = {
			isa = PBXSourcesBuildPhase;
			buildActionMask = 2147483647;
			files = (
				1099980E2E24DAA600A8A3C9 /* main.swift in Sources */,
			);
			runOnlyForDeploymentPostprocessing = 0;
		};
		10AB45352DD24B7B00967614 /* Sources */ = {
			isa = PBXSourcesBuildPhase;
			buildActionMask = 2147483647;
			files = (
				10AB453F2DD24B7B00967614 /* StateExample.swift in Sources */,
				102329BE2E1EC5B100ABFEA1 /* LoginView.swift in Sources */,
				10AB454B2DD257A100967614 /* BindingExample.swift in Sources */,
				072EEEAF2E1E8CE40007B3A4 /* SearchViewUsingCombine.swift in Sources */,
				072EEEC42E1E98DA0007B3A4 /* DataTaskPublisher.swift in Sources */,
				109998132E252E7400A8A3C9 /* FlatMapVsSwitchToLatest1.swift in Sources */,
				10AB453D2DD24B7B00967614 /* SwiftUIExamplesApp.swift in Sources */,
				109998152E25444C00A8A3C9 /* FlatMapVsSwitchToLatest2.swift in Sources */,
				107A5D2D2E1D4252004C4BE6 /* SchoolApp.swift in Sources */,
			);
			runOnlyForDeploymentPostprocessing = 0;
		};
/* End PBXSourcesBuildPhase section */

/* Begin XCBuildConfiguration section */
		1099980F2E24DAA600A8A3C9 /* Debug */ = {
			isa = XCBuildConfiguration;
			buildSettings = {
				CODE_SIGN_STYLE = Automatic;
				MACOSX_DEPLOYMENT_TARGET = 13.7;
				PRODUCT_NAME = "$(TARGET_NAME)";
				SDKROOT = macosx;
				SWIFT_VERSION = 5.0;
			};
			name = Debug;
		};
		109998102E24DAA600A8A3C9 /* Release */ = {
			isa = XCBuildConfiguration;
			buildSettings = {
				CODE_SIGN_STYLE = Automatic;
				MACOSX_DEPLOYMENT_TARGET = 13.7;
				PRODUCT_NAME = "$(TARGET_NAME)";
				SDKROOT = macosx;
				SWIFT_VERSION = 5.0;
			};
			name = Release;
		};
		10AB45452DD24B7D00967614 /* Debug */ = {
			isa = XCBuildConfiguration;
			buildSettings = {
				ALWAYS_SEARCH_USER_PATHS = NO;
				ASSETCATALOG_COMPILER_GENERATE_SWIFT_ASSET_SYMBOL_EXTENSIONS = YES;
				CLANG_ANALYZER_NONNULL = YES;
				CLANG_ANALYZER_NUMBER_OBJECT_CONVERSION = YES_AGGRESSIVE;
				CLANG_CXX_LANGUAGE_STANDARD = "gnu++20";
				CLANG_ENABLE_MODULES = YES;
				CLANG_ENABLE_OBJC_ARC = YES;
				CLANG_ENABLE_OBJC_WEAK = YES;
				CLANG_WARN_BLOCK_CAPTURE_AUTORELEASING = YES;
				CLANG_WARN_BOOL_CONVERSION = YES;
				CLANG_WARN_COMMA = YES;
				CLANG_WARN_CONSTANT_CONVERSION = YES;
				CLANG_WARN_DEPRECATED_OBJC_IMPLEMENTATIONS = YES;
				CLANG_WARN_DIRECT_OBJC_ISA_USAGE = YES_ERROR;
				CLANG_WARN_DOCUMENTATION_COMMENTS = YES;
				CLANG_WARN_EMPTY_BODY = YES;
				CLANG_WARN_ENUM_CONVERSION = YES;
				CLANG_WARN_INFINITE_RECURSION = YES;
				CLANG_WARN_INT_CONVERSION = YES;
				CLANG_WARN_NON_LITERAL_NULL_CONVERSION = YES;
				CLANG_WARN_OBJC_IMPLICIT_RETAIN_SELF = YES;
				CLANG_WARN_OBJC_LITERAL_CONVERSION = YES;
				CLANG_WARN_OBJC_ROOT_CLASS = YES_ERROR;
				CLANG_WARN_QUOTED_INCLUDE_IN_FRAMEWORK_HEADER = YES;
				CLANG_WARN_RANGE_LOOP_ANALYSIS = YES;
				CLANG_WARN_STRICT_PROTOTYPES = YES;
				CLANG_WARN_SUSPICIOUS_MOVE = YES;
				CLANG_WARN_UNGUARDED_AVAILABILITY = YES_AGGRESSIVE;
				CLANG_WARN_UNREACHABLE_CODE = YES;
				CLANG_WARN__DUPLICATE_METHOD_MATCH = YES;
				COPY_PHASE_STRIP = NO;
				DEBUG_INFORMATION_FORMAT = dwarf;
				ENABLE_STRICT_OBJC_MSGSEND = YES;
				ENABLE_TESTABILITY = YES;
				ENABLE_USER_SCRIPT_SANDBOXING = YES;
				GCC_C_LANGUAGE_STANDARD = gnu17;
				GCC_DYNAMIC_NO_PIC = NO;
				GCC_NO_COMMON_BLOCKS = YES;
				GCC_OPTIMIZATION_LEVEL = 0;
				GCC_PREPROCESSOR_DEFINITIONS = (
					"DEBUG=1",
					"$(inherited)",
				);
				GCC_WARN_64_TO_32_BIT_CONVERSION = YES;
				GCC_WARN_ABOUT_RETURN_TYPE = YES_ERROR;
				GCC_WARN_UNDECLARED_SELECTOR = YES;
				GCC_WARN_UNINITIALIZED_AUTOS = YES_AGGRESSIVE;
				GCC_WARN_UNUSED_FUNCTION = YES;
				GCC_WARN_UNUSED_VARIABLE = YES;
				IPHONEOS_DEPLOYMENT_TARGET = 17.2;
				LOCALIZATION_PREFERS_STRING_CATALOGS = YES;
				MTL_ENABLE_DEBUG_INFO = INCLUDE_SOURCE;
				MTL_FAST_MATH = YES;
				ONLY_ACTIVE_ARCH = YES;
				SDKROOT = iphoneos;
				SWIFT_ACTIVE_COMPILATION_CONDITIONS = "DEBUG $(inherited)";
				SWIFT_OPTIMIZATION_LEVEL = "-Onone";
			};
			name = Debug;
		};
		10AB45462DD24B7D00967614 /* Release */ = {
			isa = XCBuildConfiguration;
			buildSettings = {
				ALWAYS_SEARCH_USER_PATHS = NO;
				ASSETCATALOG_COMPILER_GENERATE_SWIFT_ASSET_SYMBOL_EXTENSIONS = YES;
				CLANG_ANALYZER_NONNULL = YES;
				CLANG_ANALYZER_NUMBER_OBJECT_CONVERSION = YES_AGGRESSIVE;
				CLANG_CXX_LANGUAGE_STANDARD = "gnu++20";
				CLANG_ENABLE_MODULES = YES;
				CLANG_ENABLE_OBJC_ARC = YES;
				CLANG_ENABLE_OBJC_WEAK = YES;
				CLANG_WARN_BLOCK_CAPTURE_AUTORELEASING = YES;
				CLANG_WARN_BOOL_CONVERSION = YES;
				CLANG_WARN_COMMA = YES;
				CLANG_WARN_CONSTANT_CONVERSION = YES;
				CLANG_WARN_DEPRECATED_OBJC_IMPLEMENTATIONS = YES;
				CLANG_WARN_DIRECT_OBJC_ISA_USAGE = YES_ERROR;
				CLANG_WARN_DOCUMENTATION_COMMENTS = YES;
				CLANG_WARN_EMPTY_BODY = YES;
				CLANG_WARN_ENUM_CONVERSION = YES;
				CLANG_WARN_INFINITE_RECURSION = YES;
				CLANG_WARN_INT_CONVERSION = YES;
				CLANG_WARN_NON_LITERAL_NULL_CONVERSION = YES;
				CLANG_WARN_OBJC_IMPLICIT_RETAIN_SELF = YES;
				CLANG_WARN_OBJC_LITERAL_CONVERSION = YES;
				CLANG_WARN_OBJC_ROOT_CLASS = YES_ERROR;
				CLANG_WARN_QUOTED_INCLUDE_IN_FRAMEWORK_HEADER = YES;
				CLANG_WARN_RANGE_LOOP_ANALYSIS = YES;
				CLANG_WARN_STRICT_PROTOTYPES = YES;
				CLANG_WARN_SUSPICIOUS_MOVE = YES;
				CLANG_WARN_UNGUARDED_AVAILABILITY = YES_AGGRESSIVE;
				CLANG_WARN_UNREACHABLE_CODE = YES;
				CLANG_WARN__DUPLICATE_METHOD_MATCH = YES;
				COPY_PHASE_STRIP = NO;
				DEBUG_INFORMATION_FORMAT = "dwarf-with-dsym";
				ENABLE_NS_ASSERTIONS = NO;
				ENABLE_STRICT_OBJC_MSGSEND = YES;
				ENABLE_USER_SCRIPT_SANDBOXING = YES;
				GCC_C_LANGUAGE_STANDARD = gnu17;
				GCC_NO_COMMON_BLOCKS = YES;
				GCC_WARN_64_TO_32_BIT_CONVERSION = YES;
				GCC_WARN_ABOUT_RETURN_TYPE = YES_ERROR;
				GCC_WARN_UNDECLARED_SELECTOR = YES;
				GCC_WARN_UNINITIALIZED_AUTOS = YES_AGGRESSIVE;
				GCC_WARN_UNUSED_FUNCTION = YES;
				GCC_WARN_UNUSED_VARIABLE = YES;
				IPHONEOS_DEPLOYMENT_TARGET = 17.2;
				LOCALIZATION_PREFERS_STRING_CATALOGS = YES;
				MTL_ENABLE_DEBUG_INFO = NO;
				MTL_FAST_MATH = YES;
				SDKROOT = iphoneos;
				SWIFT_COMPILATION_MODE = wholemodule;
				VALIDATE_PRODUCT = YES;
			};
			name = Release;
		};
		10AB45482DD24B7D00967614 /* Debug */ = {
			isa = XCBuildConfiguration;
			buildSettings = {
				ASSETCATALOG_COMPILER_APPICON_NAME = AppIcon;
				ASSETCATALOG_COMPILER_GLOBAL_ACCENT_COLOR_NAME = AccentColor;
				CODE_SIGN_STYLE = Automatic;
				CURRENT_PROJECT_VERSION = 1;
				DEVELOPMENT_ASSET_PATHS = "\"SwiftUIExamples/Preview Content\"";
				ENABLE_PREVIEWS = YES;
				GENERATE_INFOPLIST_FILE = YES;
				INFOPLIST_KEY_UIApplicationSceneManifest_Generation = YES;
				INFOPLIST_KEY_UIApplicationSupportsIndirectInputEvents = YES;
				INFOPLIST_KEY_UILaunchScreen_Generation = YES;
				INFOPLIST_KEY_UISupportedInterfaceOrientations_iPad = "UIInterfaceOrientationPortrait UIInterfaceOrientationPortraitUpsideDown UIInterfaceOrientationLandscapeLeft UIInterfaceOrientationLandscapeRight";
				INFOPLIST_KEY_UISupportedInterfaceOrientations_iPhone = "UIInterfaceOrientationPortrait UIInterfaceOrientationLandscapeLeft UIInterfaceOrientationLandscapeRight";
				LD_RUNPATH_SEARCH_PATHS = (
					"$(inherited)",
					"@executable_path/Frameworks",
				);
				MARKETING_VERSION = 1.0;
				PRODUCT_BUNDLE_IDENTIFIER = com.swiftuiapp.sample.SwiftUIExamples;
				PRODUCT_NAME = "$(TARGET_NAME)";
				SWIFT_EMIT_LOC_STRINGS = YES;
				SWIFT_VERSION = 5.0;
				TARGETED_DEVICE_FAMILY = "1,2";
			};
			name = Debug;
		};
		10AB45492DD24B7D00967614 /* Release */ = {
			isa = XCBuildConfiguration;
			buildSettings = {
				ASSETCATALOG_COMPILER_APPICON_NAME = AppIcon;
				ASSETCATALOG_COMPILER_GLOBAL_ACCENT_COLOR_NAME = AccentColor;
				CODE_SIGN_STYLE = Automatic;
				CURRENT_PROJECT_VERSION = 1;
				DEVELOPMENT_ASSET_PATHS = "\"SwiftUIExamples/Preview Content\"";
				ENABLE_PREVIEWS = YES;
				GENERATE_INFOPLIST_FILE = YES;
				INFOPLIST_KEY_UIApplicationSceneManifest_Generation = YES;
				INFOPLIST_KEY_UIApplicationSupportsIndirectInputEvents = YES;
				INFOPLIST_KEY_UILaunchScreen_Generation = YES;
				INFOPLIST_KEY_UISupportedInterfaceOrientations_iPad = "UIInterfaceOrientationPortrait UIInterfaceOrientationPortraitUpsideDown UIInterfaceOrientationLandscapeLeft UIInterfaceOrientationLandscapeRight";
				INFOPLIST_KEY_UISupportedInterfaceOrientations_iPhone = "UIInterfaceOrientationPortrait UIInterfaceOrientationLandscapeLeft UIInterfaceOrientationLandscapeRight";
				LD_RUNPATH_SEARCH_PATHS = (
					"$(inherited)",
					"@executable_path/Frameworks",
				);
				MARKETING_VERSION = 1.0;
				PRODUCT_BUNDLE_IDENTIFIER = com.swiftuiapp.sample.SwiftUIExamples;
				PRODUCT_NAME = "$(TARGET_NAME)";
				SWIFT_EMIT_LOC_STRINGS = YES;
				SWIFT_VERSION = 5.0;
				TARGETED_DEVICE_FAMILY = "1,2";
			};
			name = Release;
		};
/* End XCBuildConfiguration section */

/* Begin XCConfigurationList section */
		109998112E24DAA600A8A3C9 /* Build configuration list for PBXNativeTarget "SwiftUI-CommandLineTool" */ = {
			isa = XCConfigurationList;
			buildConfigurations = (
				1099980F2E24DAA600A8A3C9 /* Debug */,
				109998102E24DAA600A8A3C9 /* Release */,
			);
			defaultConfigurationIsVisible = 0;
			defaultConfigurationName = Release;
		};
		10AB45342DD24B7B00967614 /* Build configuration list for PBXProject "SwiftUIExamples" */ = {
			isa = XCConfigurationList;
			buildConfigurations = (
				10AB45452DD24B7D00967614 /* Debug */,
				10AB45462DD24B7D00967614 /* Release */,
			);
			defaultConfigurationIsVisible = 0;
			defaultConfigurationName = Release;
		};
		10AB45472DD24B7D00967614 /* Build configuration list for PBXNativeTarget "SwiftUIExamples" */ = {
			isa = XCConfigurationList;
			buildConfigurations = (
				10AB45482DD24B7D00967614 /* Debug */,
				10AB45492DD24B7D00967614 /* Release */,
			);
			defaultConfigurationIsVisible = 0;
			defaultConfigurationName = Release;
		};
/* End XCConfigurationList section */
	};
	rootObject = 10AB45312DD24B7B00967614 /* Project object */;
}
