// !$*UTF8*$!
{
	archiveVersion = 1;
	classes = {
	};
	objectVersion = 56;
	objects = {

/* Begin PBXBuildFile section */
		10373BBC2DFC85230097F1F4 /* CartViewController.swift in Sources */ = {isa = PBXBuildFile; fileRef = 10373BB22DFC85230097F1F4 /* CartViewController.swift */; };
		10373BBD2DFC85230097F1F4 /* CartDetailViewController.swift in Sources */ = {isa = PBXBuildFile; fileRef = 10373BB32DFC85230097F1F4 /* CartDetailViewController.swift */; };
		10373BBE2DFC85230097F1F4 /* CartService.swift in Sources */ = {isa = PBXBuildFile; fileRef = 10373BB52DFC85230097F1F4 /* CartService.swift */; };
		10373BBF2DFC85230097F1F4 /* CartServiceProtocol.swift in Sources */ = {isa = PBXBuildFile; fileRef = 10373BB62DFC85230097F1F4 /* CartServiceProtocol.swift */; };
		10373BC02DFC85230097F1F4 /* CartDetailViewModel.swift in Sources */ = {isa = PBXBuildFile; fileRef = 10373BB82DFC85230097F1F4 /* CartDetailViewModel.swift */; };
		10373BC12DFC85230097F1F4 /* CartViewModel.swift in Sources */ = {isa = PBXBuildFile; fileRef = 10373BB92DFC85230097F1F4 /* CartViewModel.swift */; };
		10373BC22DFC85230097F1F4 /* CartItem.swift in Sources */ = {isa = PBXBuildFile; fileRef = 10373BBB2DFC85230097F1F4 /* CartItem.swift */; };
		10373BC42DFC86B80097F1F4 /* CartItemCell.swift in Sources */ = {isa = PBXBuildFile; fileRef = 10373BC32DFC86B80097F1F4 /* CartItemCell.swift */; };
		10373BCC2DFC8CE60097F1F4 /* MVVMStateManagementTests.swift in Sources */ = {isa = PBXBuildFile; fileRef = 10373BCB2DFC8CE60097F1F4 /* MVVMStateManagementTests.swift */; };
		108C79C22DFC7B220035C9FF /* AppDelegate.swift in Sources */ = {isa = PBXBuildFile; fileRef = 108C79C12DFC7B220035C9FF /* AppDelegate.swift */; };
		108C79C42DFC7B220035C9FF /* SceneDelegate.swift in Sources */ = {isa = PBXBuildFile; fileRef = 108C79C32DFC7B220035C9FF /* SceneDelegate.swift */; };
		108C79CB2DFC7B250035C9FF /* Assets.xcassets in Resources */ = {isa = PBXBuildFile; fileRef = 108C79CA2DFC7B250035C9FF /* Assets.xcassets */; };
		108C79CE2DFC7B250035C9FF /* LaunchScreen.storyboard in Resources */ = {isa = PBXBuildFile; fileRef = 108C79CC2DFC7B250035C9FF /* LaunchScreen.storyboard */; };
/* End PBXBuildFile section */

/* Begin PBXContainerItemProxy section */
		10373BCD2DFC8CE60097F1F4 /* PBXContainerItemProxy */ = {
			isa = PBXContainerItemProxy;
			containerPortal = 108C79B62DFC7B220035C9FF /* Project object */;
			proxyType = 1;
			remoteGlobalIDString = 108C79BD2DFC7B220035C9FF;
			remoteInfo = MVVMStateManagement;
		};
/* End PBXContainerItemProxy section */

/* Begin PBXFileReference section */
		10373BB22DFC85230097F1F4 /* CartViewController.swift */ = {isa = PBXFileReference; fileEncoding = 4; lastKnownFileType = sourcecode.swift; path = CartViewController.swift; sourceTree = "<group>"; };
		10373BB32DFC85230097F1F4 /* CartDetailViewController.swift */ = {isa = PBXFileReference; fileEncoding = 4; lastKnownFileType = sourcecode.swift; path = CartDetailViewController.swift; sourceTree = "<group>"; };
		10373BB52DFC85230097F1F4 /* CartService.swift */ = {isa = PBXFileReference; fileEncoding = 4; lastKnownFileType = sourcecode.swift; path = CartService.swift; sourceTree = "<group>"; };
		10373BB62DFC85230097F1F4 /* CartServiceProtocol.swift */ = {isa = PBXFileReference; fileEncoding = 4; lastKnownFileType = sourcecode.swift; path = CartServiceProtocol.swift; sourceTree = "<group>"; };
		10373BB82DFC85230097F1F4 /* CartDetailViewModel.swift */ = {isa = PBXFileReference; fileEncoding = 4; lastKnownFileType = sourcecode.swift; path = CartDetailViewModel.swift; sourceTree = "<group>"; };
		10373BB92DFC85230097F1F4 /* CartViewModel.swift */ = {isa = PBXFileReference; fileEncoding = 4; lastKnownFileType = sourcecode.swift; path = CartViewModel.swift; sourceTree = "<group>"; };
		10373BBB2DFC85230097F1F4 /* CartItem.swift */ = {isa = PBXFileReference; fileEncoding = 4; lastKnownFileType = sourcecode.swift; path = CartItem.swift; sourceTree = "<group>"; };
		10373BC32DFC86B80097F1F4 /* CartItemCell.swift */ = {isa = PBXFileReference; fileEncoding = 4; lastKnownFileType = sourcecode.swift; path = CartItemCell.swift; sourceTree = "<group>"; };
		10373BC92DFC8CE60097F1F4 /* MVVMStateManagementTests.xctest */ = {isa = PBXFileReference; explicitFileType = wrapper.cfbundle; includeInIndex = 0; path = MVVMStateManagementTests.xctest; sourceTree = BUILT_PRODUCTS_DIR; };
		10373BCB2DFC8CE60097F1F4 /* MVVMStateManagementTests.swift */ = {isa = PBXFileReference; lastKnownFileType = sourcecode.swift; path = MVVMStateManagementTests.swift; sourceTree = "<group>"; };
		108C79BE2DFC7B220035C9FF /* MVVMStateManagement.app */ = {isa = PBXFileReference; explicitFileType = wrapper.application; includeInIndex = 0; path = MVVMStateManagement.app; sourceTree = BUILT_PRODUCTS_DIR; };
		108C79C12DFC7B220035C9FF /* AppDelegate.swift */ = {isa = PBXFileReference; lastKnownFileType = sourcecode.swift; path = AppDelegate.swift; sourceTree = "<group>"; };
		108C79C32DFC7B220035C9FF /* SceneDelegate.swift */ = {isa = PBXFileReference; lastKnownFileType = sourcecode.swift; path = SceneDelegate.swift; sourceTree = "<group>"; };
		108C79CA2DFC7B250035C9FF /* Assets.xcassets */ = {isa = PBXFileReference; lastKnownFileType = folder.assetcatalog; path = Assets.xcassets; sourceTree = "<group>"; };
		108C79CD2DFC7B250035C9FF /* Base */ = {isa = PBXFileReference; lastKnownFileType = file.storyboard; name = Base; path = Base.lproj/LaunchScreen.storyboard; sourceTree = "<group>"; };
		108C79CF2DFC7B250035C9FF /* Info.plist */ = {isa = PBXFileReference; lastKnownFileType = text.plist.xml; path = Info.plist; sourceTree = "<group>"; };
/* End PBXFileReference section */

/* Begin PBXFrameworksBuildPhase section */
		10373BC62DFC8CE60097F1F4 /* Frameworks */ = {
			isa = PBXFrameworksBuildPhase;
			buildActionMask = 2147483647;
			files = (
			);
			runOnlyForDeploymentPostprocessing = 0;
		};
		108C79BB2DFC7B220035C9FF /* Frameworks */ = {
			isa = PBXFrameworksBuildPhase;
			buildActionMask = 2147483647;
			files = (
			);
			runOnlyForDeploymentPostprocessing = 0;
		};
/* End PBXFrameworksBuildPhase section */

/* Begin PBXGroup section */
		10373BB02DFC851A0097F1F4 /* Cart */ = {
			isa = PBXGroup;
			children = (
				10373BBA2DFC85230097F1F4 /* Models */,
				10373BB42DFC85230097F1F4 /* Services */,
				10373BB72DFC85230097F1F4 /* ViewModels */,
				10373BB12DFC85230097F1F4 /* Views */,
			);
			path = Cart;
			sourceTree = "<group>";
		};
		10373BB12DFC85230097F1F4 /* Views */ = {
			isa = PBXGroup;
			children = (
				10373BC32DFC86B80097F1F4 /* CartItemCell.swift */,
				10373BB22DFC85230097F1F4 /* CartViewController.swift */,
				10373BB32DFC85230097F1F4 /* CartDetailViewController.swift */,
			);
			path = Views;
			sourceTree = "<group>";
		};
		10373BB42DFC85230097F1F4 /* Services */ = {
			isa = PBXGroup;
			children = (
				10373BB52DFC85230097F1F4 /* CartService.swift */,
				10373BB62DFC85230097F1F4 /* CartServiceProtocol.swift */,
			);
			path = Services;
			sourceTree = "<group>";
		};
		10373BB72DFC85230097F1F4 /* ViewModels */ = {
			isa = PBXGroup;
			children = (
				10373BB82DFC85230097F1F4 /* CartDetailViewModel.swift */,
				10373BB92DFC85230097F1F4 /* CartViewModel.swift */,
			);
			path = ViewModels;
			sourceTree = "<group>";
		};
		10373BBA2DFC85230097F1F4 /* Models */ = {
			isa = PBXGroup;
			children = (
				10373BBB2DFC85230097F1F4 /* CartItem.swift */,
			);
			path = Models;
			sourceTree = "<group>";
		};
		10373BCA2DFC8CE60097F1F4 /* MVVMStateManagementTests */ = {
			isa = PBXGroup;
			children = (
				10373BCB2DFC8CE60097F1F4 /* MVVMStateManagementTests.swift */,
			);
			path = MVVMStateManagementTests;
			sourceTree = "<group>";
		};
		108C79B52DFC7B220035C9FF = {
			isa = PBXGroup;
			children = (
				108C79C02DFC7B220035C9FF /* MVVMStateManagement */,
				10373BCA2DFC8CE60097F1F4 /* MVVMStateManagementTests */,
				108C79BF2DFC7B220035C9FF /* Products */,
			);
			sourceTree = "<group>";
		};
		108C79BF2DFC7B220035C9FF /* Products */ = {
			isa = PBXGroup;
			children = (
				108C79BE2DFC7B220035C9FF /* MVVMStateManagement.app */,
				10373BC92DFC8CE60097F1F4 /* MVVMStateManagementTests.xctest */,
			);
			name = Products;
			sourceTree = "<group>";
		};
		108C79C02DFC7B220035C9FF /* MVVMStateManagement */ = {
			isa = PBXGroup;
			children = (
				10373BB02DFC851A0097F1F4 /* Cart */,
				108C79C12DFC7B220035C9FF /* AppDelegate.swift */,
				108C79C32DFC7B220035C9FF /* SceneDelegate.swift */,
				108C79CA2DFC7B250035C9FF /* Assets.xcassets */,
				108C79CC2DFC7B250035C9FF /* LaunchScreen.storyboard */,
				108C79CF2DFC7B250035C9FF /* Info.plist */,
			);
			path = MVVMStateManagement;
			sourceTree = "<group>";
		};
/* End PBXGroup section */

/* Begin PBXNativeTarget section */
		10373BC82DFC8CE60097F1F4 /* MVVMStateManagementTests */ = {
			isa = PBXNativeTarget;
			buildConfigurationList = 10373BCF2DFC8CE60097F1F4 /* Build configuration list for PBXNativeTarget "MVVMStateManagementTests" */;
			buildPhases = (
				10373BC52DFC8CE60097F1F4 /* Sources */,
				10373BC62DFC8CE60097F1F4 /* Frameworks */,
				10373BC72DFC8CE60097F1F4 /* Resources */,
			);
			buildRules = (
			);
			dependencies = (
				10373BCE2DFC8CE60097F1F4 /* PBXTargetDependency */,
			);
			name = MVVMStateManagementTests;
			productName = MVVMStateManagementTests;
			productReference = 10373BC92DFC8CE60097F1F4 /* MVVMStateManagementTests.xctest */;
			productType = "com.apple.product-type.bundle.unit-test";
		};
		108C79BD2DFC7B220035C9FF /* MVVMStateManagement */ = {
			isa = PBXNativeTarget;
			buildConfigurationList = 108C79D22DFC7B250035C9FF /* Build configuration list for PBXNativeTarget "MVVMStateManagement" */;
			buildPhases = (
				108C79BA2DFC7B220035C9FF /* Sources */,
				108C79BB2DFC7B220035C9FF /* Frameworks */,
				108C79BC2DFC7B220035C9FF /* Resources */,
			);
			buildRules = (
			);
			dependencies = (
			);
			name = MVVMStateManagement;
			productName = MVVMStateManagement;
			productReference = 108C79BE2DFC7B220035C9FF /* MVVMStateManagement.app */;
			productType = "com.apple.product-type.application";
		};
/* End PBXNativeTarget section */

/* Begin PBXProject section */
		108C79B62DFC7B220035C9FF /* Project object */ = {
			isa = PBXProject;
			attributes = {
				BuildIndependentTargetsInParallel = 1;
				LastSwiftUpdateCheck = 1520;
				LastUpgradeCheck = 1520;
				TargetAttributes = {
					10373BC82DFC8CE60097F1F4 = {
						CreatedOnToolsVersion = 15.2;
						TestTargetID = 108C79BD2DFC7B220035C9FF;
					};
					108C79BD2DFC7B220035C9FF = {
						CreatedOnToolsVersion = 15.2;
					};
				};
			};
			buildConfigurationList = 108C79B92DFC7B220035C9FF /* Build configuration list for PBXProject "MVVMStateManagement" */;
			compatibilityVersion = "Xcode 14.0";
			developmentRegion = en;
			hasScannedForEncodings = 0;
			knownRegions = (
				en,
				Base,
			);
			mainGroup = 108C79B52DFC7B220035C9FF;
			productRefGroup = 108C79BF2DFC7B220035C9FF /* Products */;
			projectDirPath = "";
			projectRoot = "";
			targets = (
				108C79BD2DFC7B220035C9FF /* MVVMStateManagement */,
				10373BC82DFC8CE60097F1F4 /* MVVMStateManagementTests */,
			);
		};
/* End PBXProject section */

/* Begin PBXResourcesBuildPhase section */
		10373BC72DFC8CE60097F1F4 /* Resources */ = {
			isa = PBXResourcesBuildPhase;
			buildActionMask = 2147483647;
			files = (
			);
			runOnlyForDeploymentPostprocessing = 0;
		};
		108C79BC2DFC7B220035C9FF /* Resources */ = {
			isa = PBXResourcesBuildPhase;
			buildActionMask = 2147483647;
			files = (
				108C79CE2DFC7B250035C9FF /* LaunchScreen.storyboard in Resources */,
				108C79CB2DFC7B250035C9FF /* Assets.xcassets in Resources */,
			);
			runOnlyForDeploymentPostprocessing = 0;
		};
/* End PBXResourcesBuildPhase section */

/* Begin PBXSourcesBuildPhase section */
		10373BC52DFC8CE60097F1F4 /* Sources */ = {
			isa = PBXSourcesBuildPhase;
			buildActionMask = 2147483647;
			files = (
				10373BCC2DFC8CE60097F1F4 /* MVVMStateManagementTests.swift in Sources */,
			);
			runOnlyForDeploymentPostprocessing = 0;
		};
		108C79BA2DFC7B220035C9FF /* Sources */ = {
			isa = PBXSourcesBuildPhase;
			buildActionMask = 2147483647;
			files = (
				108C79C22DFC7B220035C9FF /* AppDelegate.swift in Sources */,
				10373BBF2DFC85230097F1F4 /* CartServiceProtocol.swift in Sources */,
				10373BC42DFC86B80097F1F4 /* CartItemCell.swift in Sources */,
				10373BBD2DFC85230097F1F4 /* CartDetailViewController.swift in Sources */,
				10373BC02DFC85230097F1F4 /* CartDetailViewModel.swift in Sources */,
				10373BC22DFC85230097F1F4 /* CartItem.swift in Sources */,
				10373BC12DFC85230097F1F4 /* CartViewModel.swift in Sources */,
				10373BBC2DFC85230097F1F4 /* CartViewController.swift in Sources */,
				10373BBE2DFC85230097F1F4 /* CartService.swift in Sources */,
				108C79C42DFC7B220035C9FF /* SceneDelegate.swift in Sources */,
			);
			runOnlyForDeploymentPostprocessing = 0;
		};
/* End PBXSourcesBuildPhase section */

/* Begin PBXTargetDependency section */
		10373BCE2DFC8CE60097F1F4 /* PBXTargetDependency */ = {
			isa = PBXTargetDependency;
			target = 108C79BD2DFC7B220035C9FF /* MVVMStateManagement */;
			targetProxy = 10373BCD2DFC8CE60097F1F4 /* PBXContainerItemProxy */;
		};
/* End PBXTargetDependency section */

/* Begin PBXVariantGroup section */
		108C79CC2DFC7B250035C9FF /* LaunchScreen.storyboard */ = {
			isa = PBXVariantGroup;
			children = (
				108C79CD2DFC7B250035C9FF /* Base */,
			);
			name = LaunchScreen.storyboard;
			sourceTree = "<group>";
		};
/* End PBXVariantGroup section */

/* Begin XCBuildConfiguration section */
		10373BD02DFC8CE60097F1F4 /* Debug */ = {
			isa = XCBuildConfiguration;
			buildSettings = {
				BUNDLE_LOADER = "$(TEST_HOST)";
				CODE_SIGN_STYLE = Automatic;
				CURRENT_PROJECT_VERSION = 1;
				GENERATE_INFOPLIST_FILE = YES;
				MARKETING_VERSION = 1.0;
				PRODUCT_BUNDLE_IDENTIFIER = com.swiftuiapp.sample.MVVMStateManagementTests;
				PRODUCT_NAME = "$(TARGET_NAME)";
				SWIFT_EMIT_LOC_STRINGS = NO;
				SWIFT_VERSION = 5.0;
				TARGETED_DEVICE_FAMILY = "1,2";
				TEST_HOST = "$(BUILT_PRODUCTS_DIR)/MVVMStateManagement.app/$(BUNDLE_EXECUTABLE_FOLDER_PATH)/MVVMStateManagement";
			};
			name = Debug;
		};
		10373BD12DFC8CE60097F1F4 /* Release */ = {
			isa = XCBuildConfiguration;
			buildSettings = {
				BUNDLE_LOADER = "$(TEST_HOST)";
				CODE_SIGN_STYLE = Automatic;
				CURRENT_PROJECT_VERSION = 1;
				GENERATE_INFOPLIST_FILE = YES;
				MARKETING_VERSION = 1.0;
				PRODUCT_BUNDLE_IDENTIFIER = com.swiftuiapp.sample.MVVMStateManagementTests;
				PRODUCT_NAME = "$(TARGET_NAME)";
				SWIFT_EMIT_LOC_STRINGS = NO;
				SWIFT_VERSION = 5.0;
				TARGETED_DEVICE_FAMILY = "1,2";
				TEST_HOST = "$(BUILT_PRODUCTS_DIR)/MVVMStateManagement.app/$(BUNDLE_EXECUTABLE_FOLDER_PATH)/MVVMStateManagement";
			};
			name = Release;
		};
		108C79D02DFC7B250035C9FF /* Debug */ = {
			isa = XCBuildConfiguration;
			buildSettings = {
				ALWAYS_SEARCH_USER_PATHS = NO;
				ASSETCATALOG_COMPILER_GENERATE_SWIFT_ASSET_SYMBOL_EXTENSIONS = YES;
				CLANG_ANALYZER_NONNULL = YES;
				CLANG_ANALYZER_NUMBER_OBJECT_CONVERSION = YES_AGGRESSIVE;
				CLANG_CXX_LANGUAGE_STANDARD = "gnu++20";
				CLANG_ENABLE_MODULES = YES;
				CLANG_ENABLE_OBJC_ARC = YES;
				CLANG_ENABLE_OBJC_WEAK = YES;
				CLANG_WARN_BLOCK_CAPTURE_AUTORELEASING = YES;
				CLANG_WARN_BOOL_CONVERSION = YES;
				CLANG_WARN_COMMA = YES;
				CLANG_WARN_CONSTANT_CONVERSION = YES;
				CLANG_WARN_DEPRECATED_OBJC_IMPLEMENTATIONS = YES;
				CLANG_WARN_DIRECT_OBJC_ISA_USAGE = YES_ERROR;
				CLANG_WARN_DOCUMENTATION_COMMENTS = YES;
				CLANG_WARN_EMPTY_BODY = YES;
				CLANG_WARN_ENUM_CONVERSION = YES;
				CLANG_WARN_INFINITE_RECURSION = YES;
				CLANG_WARN_INT_CONVERSION = YES;
				CLANG_WARN_NON_LITERAL_NULL_CONVERSION = YES;
				CLANG_WARN_OBJC_IMPLICIT_RETAIN_SELF = YES;
				CLANG_WARN_OBJC_LITERAL_CONVERSION = YES;
				CLANG_WARN_OBJC_ROOT_CLASS = YES_ERROR;
				CLANG_WARN_QUOTED_INCLUDE_IN_FRAMEWORK_HEADER = YES;
				CLANG_WARN_RANGE_LOOP_ANALYSIS = YES;
				CLANG_WARN_STRICT_PROTOTYPES = YES;
				CLANG_WARN_SUSPICIOUS_MOVE = YES;
				CLANG_WARN_UNGUARDED_AVAILABILITY = YES_AGGRESSIVE;
				CLANG_WARN_UNREACHABLE_CODE = YES;
				CLANG_WARN__DUPLICATE_METHOD_MATCH = YES;
				COPY_PHASE_STRIP = NO;
				DEBUG_INFORMATION_FORMAT = dwarf;
				ENABLE_STRICT_OBJC_MSGSEND = YES;
				ENABLE_TESTABILITY = YES;
				ENABLE_USER_SCRIPT_SANDBOXING = YES;
				GCC_C_LANGUAGE_STANDARD = gnu17;
				GCC_DYNAMIC_NO_PIC = NO;
				GCC_NO_COMMON_BLOCKS = YES;
				GCC_OPTIMIZATION_LEVEL = 0;
				GCC_PREPROCESSOR_DEFINITIONS = (
					"DEBUG=1",
					"$(inherited)",
				);
				GCC_WARN_64_TO_32_BIT_CONVERSION = YES;
				GCC_WARN_ABOUT_RETURN_TYPE = YES_ERROR;
				GCC_WARN_UNDECLARED_SELECTOR = YES;
				GCC_WARN_UNINITIALIZED_AUTOS = YES_AGGRESSIVE;
				GCC_WARN_UNUSED_FUNCTION = YES;
				GCC_WARN_UNUSED_VARIABLE = YES;
				IPHONEOS_DEPLOYMENT_TARGET = 17.2;
				LOCALIZATION_PREFERS_STRING_CATALOGS = YES;
				MTL_ENABLE_DEBUG_INFO = INCLUDE_SOURCE;
				MTL_FAST_MATH = YES;
				ONLY_ACTIVE_ARCH = YES;
				SDKROOT = iphoneos;
				SWIFT_ACTIVE_COMPILATION_CONDITIONS = "DEBUG $(inherited)";
				SWIFT_OPTIMIZATION_LEVEL = "-Onone";
			};
			name = Debug;
		};
		108C79D12DFC7B250035C9FF /* Release */ = {
			isa = XCBuildConfiguration;
			buildSettings = {
				ALWAYS_SEARCH_USER_PATHS = NO;
				ASSETCATALOG_COMPILER_GENERATE_SWIFT_ASSET_SYMBOL_EXTENSIONS = YES;
				CLANG_ANALYZER_NONNULL = YES;
				CLANG_ANALYZER_NUMBER_OBJECT_CONVERSION = YES_AGGRESSIVE;
				CLANG_CXX_LANGUAGE_STANDARD = "gnu++20";
				CLANG_ENABLE_MODULES = YES;
				CLANG_ENABLE_OBJC_ARC = YES;
				CLANG_ENABLE_OBJC_WEAK = YES;
				CLANG_WARN_BLOCK_CAPTURE_AUTORELEASING = YES;
				CLANG_WARN_BOOL_CONVERSION = YES;
				CLANG_WARN_COMMA = YES;
				CLANG_WARN_CONSTANT_CONVERSION = YES;
				CLANG_WARN_DEPRECATED_OBJC_IMPLEMENTATIONS = YES;
				CLANG_WARN_DIRECT_OBJC_ISA_USAGE = YES_ERROR;
				CLANG_WARN_DOCUMENTATION_COMMENTS = YES;
				CLANG_WARN_EMPTY_BODY = YES;
				CLANG_WARN_ENUM_CONVERSION = YES;
				CLANG_WARN_INFINITE_RECURSION = YES;
				CLANG_WARN_INT_CONVERSION = YES;
				CLANG_WARN_NON_LITERAL_NULL_CONVERSION = YES;
				CLANG_WARN_OBJC_IMPLICIT_RETAIN_SELF = YES;
				CLANG_WARN_OBJC_LITERAL_CONVERSION = YES;
				CLANG_WARN_OBJC_ROOT_CLASS = YES_ERROR;
				CLANG_WARN_QUOTED_INCLUDE_IN_FRAMEWORK_HEADER = YES;
				CLANG_WARN_RANGE_LOOP_ANALYSIS = YES;
				CLANG_WARN_STRICT_PROTOTYPES = YES;
				CLANG_WARN_SUSPICIOUS_MOVE = YES;
				CLANG_WARN_UNGUARDED_AVAILABILITY = YES_AGGRESSIVE;
				CLANG_WARN_UNREACHABLE_CODE = YES;
				CLANG_WARN__DUPLICATE_METHOD_MATCH = YES;
				COPY_PHASE_STRIP = NO;
				DEBUG_INFORMATION_FORMAT = "dwarf-with-dsym";
				ENABLE_NS_ASSERTIONS = NO;
				ENABLE_STRICT_OBJC_MSGSEND = YES;
				ENABLE_USER_SCRIPT_SANDBOXING = YES;
				GCC_C_LANGUAGE_STANDARD = gnu17;
				GCC_NO_COMMON_BLOCKS = YES;
				GCC_WARN_64_TO_32_BIT_CONVERSION = YES;
				GCC_WARN_ABOUT_RETURN_TYPE = YES_ERROR;
				GCC_WARN_UNDECLARED_SELECTOR = YES;
				GCC_WARN_UNINITIALIZED_AUTOS = YES_AGGRESSIVE;
				GCC_WARN_UNUSED_FUNCTION = YES;
				GCC_WARN_UNUSED_VARIABLE = YES;
				IPHONEOS_DEPLOYMENT_TARGET = 17.2;
				LOCALIZATION_PREFERS_STRING_CATALOGS = YES;
				MTL_ENABLE_DEBUG_INFO = NO;
				MTL_FAST_MATH = YES;
				SDKROOT = iphoneos;
				SWIFT_COMPILATION_MODE = wholemodule;
				VALIDATE_PRODUCT = YES;
			};
			name = Release;
		};
		108C79D32DFC7B250035C9FF /* Debug */ = {
			isa = XCBuildConfiguration;
			buildSettings = {
				ASSETCATALOG_COMPILER_APPICON_NAME = AppIcon;
				ASSETCATALOG_COMPILER_GLOBAL_ACCENT_COLOR_NAME = AccentColor;
				CODE_SIGN_STYLE = Automatic;
				CURRENT_PROJECT_VERSION = 1;
				GENERATE_INFOPLIST_FILE = YES;
				INFOPLIST_FILE = MVVMStateManagement/Info.plist;
				INFOPLIST_KEY_UIApplicationSupportsIndirectInputEvents = YES;
				INFOPLIST_KEY_UILaunchStoryboardName = LaunchScreen;
				INFOPLIST_KEY_UIMainStoryboardFile = "";
				INFOPLIST_KEY_UISupportedInterfaceOrientations_iPad = "UIInterfaceOrientationPortrait UIInterfaceOrientationPortraitUpsideDown UIInterfaceOrientationLandscapeLeft UIInterfaceOrientationLandscapeRight";
				INFOPLIST_KEY_UISupportedInterfaceOrientations_iPhone = "UIInterfaceOrientationPortrait UIInterfaceOrientationLandscapeLeft UIInterfaceOrientationLandscapeRight";
				LD_RUNPATH_SEARCH_PATHS = (
					"$(inherited)",
					"@executable_path/Frameworks",
				);
				MARKETING_VERSION = 1.0;
				PRODUCT_BUNDLE_IDENTIFIER = com.swiftuiapp.sample.MVVMStateManagement;
				PRODUCT_NAME = "$(TARGET_NAME)";
				SUPPORTED_PLATFORMS = "iphoneos iphonesimulator";
				SUPPORTS_MACCATALYST = NO;
				SUPPORTS_MAC_DESIGNED_FOR_IPHONE_IPAD = NO;
				SUPPORTS_XR_DESIGNED_FOR_IPHONE_IPAD = NO;
				SWIFT_EMIT_LOC_STRINGS = YES;
				SWIFT_VERSION = 5.0;
				TARGETED_DEVICE_FAMILY = 1;
			};
			name = Debug;
		};
		108C79D42DFC7B250035C9FF /* Release */ = {
			isa = XCBuildConfiguration;
			buildSettings = {
				ASSETCATALOG_COMPILER_APPICON_NAME = AppIcon;
				ASSETCATALOG_COMPILER_GLOBAL_ACCENT_COLOR_NAME = AccentColor;
				CODE_SIGN_STYLE = Automatic;
				CURRENT_PROJECT_VERSION = 1;
				GENERATE_INFOPLIST_FILE = YES;
				INFOPLIST_FILE = MVVMStateManagement/Info.plist;
				INFOPLIST_KEY_UIApplicationSupportsIndirectInputEvents = YES;
				INFOPLIST_KEY_UILaunchStoryboardName = LaunchScreen;
				INFOPLIST_KEY_UIMainStoryboardFile = "";
				INFOPLIST_KEY_UISupportedInterfaceOrientations_iPad = "UIInterfaceOrientationPortrait UIInterfaceOrientationPortraitUpsideDown UIInterfaceOrientationLandscapeLeft UIInterfaceOrientationLandscapeRight";
				INFOPLIST_KEY_UISupportedInterfaceOrientations_iPhone = "UIInterfaceOrientationPortrait UIInterfaceOrientationLandscapeLeft UIInterfaceOrientationLandscapeRight";
				LD_RUNPATH_SEARCH_PATHS = (
					"$(inherited)",
					"@executable_path/Frameworks",
				);
				MARKETING_VERSION = 1.0;
				PRODUCT_BUNDLE_IDENTIFIER = com.swiftuiapp.sample.MVVMStateManagement;
				PRODUCT_NAME = "$(TARGET_NAME)";
				SUPPORTED_PLATFORMS = "iphoneos iphonesimulator";
				SUPPORTS_MACCATALYST = NO;
				SUPPORTS_MAC_DESIGNED_FOR_IPHONE_IPAD = NO;
				SUPPORTS_XR_DESIGNED_FOR_IPHONE_IPAD = NO;
				SWIFT_EMIT_LOC_STRINGS = YES;
				SWIFT_VERSION = 5.0;
				TARGETED_DEVICE_FAMILY = 1;
			};
			name = Release;
		};
/* End XCBuildConfiguration section */

/* Begin XCConfigurationList section */
		10373BCF2DFC8CE60097F1F4 /* Build configuration list for PBXNativeTarget "MVVMStateManagementTests" */ = {
			isa = XCConfigurationList;
			buildConfigurations = (
				10373BD02DFC8CE60097F1F4 /* Debug */,
				10373BD12DFC8CE60097F1F4 /* Release */,
			);
			defaultConfigurationIsVisible = 0;
			defaultConfigurationName = Release;
		};
		108C79B92DFC7B220035C9FF /* Build configuration list for PBXProject "MVVMStateManagement" */ = {
			isa = XCConfigurationList;
			buildConfigurations = (
				108C79D02DFC7B250035C9FF /* Debug */,
				108C79D12DFC7B250035C9FF /* Release */,
			);
			defaultConfigurationIsVisible = 0;
			defaultConfigurationName = Release;
		};
		108C79D22DFC7B250035C9FF /* Build configuration list for PBXNativeTarget "MVVMStateManagement" */ = {
			isa = XCConfigurationList;
			buildConfigurations = (
				108C79D32DFC7B250035C9FF /* Debug */,
				108C79D42DFC7B250035C9FF /* Release */,
			);
			defaultConfigurationIsVisible = 0;
			defaultConfigurationName = Release;
		};
/* End XCConfigurationList section */
	};
	rootObject = 108C79B62DFC7B220035C9FF /* Project object */;
}
